// !$*UTF8*$!
{
	archiveVersion = 1;
	classes = {
	};
	objectVersion = 51;
	objects = {

/* Begin PBXBuildFile section */
		505A694224A12FB10010BE4A /* LoginViewModel.swift in Sources */ = {isa = PBXBuildFile; fileRef = 505A693424A12FB10010BE4A /* LoginViewModel.swift */; };
		505A694324A12FB10010BE4A /* LoginContract.swift in Sources */ = {isa = PBXBuildFile; fileRef = 505A693624A12FB10010BE4A /* LoginContract.swift */; };
		505A694424A12FB10010BE4A /* LoginPresenter.swift in Sources */ = {isa = PBXBuildFile; fileRef = 505A693824A12FB10010BE4A /* LoginPresenter.swift */; };
		505A694524A12FB10010BE4A /* LoginViewController.xib in Resources */ = {isa = PBXBuildFile; fileRef = 505A693A24A12FB10010BE4A /* LoginViewController.xib */; };
		505A694624A12FB10010BE4A /* LoginViewController.swift in Sources */ = {isa = PBXBuildFile; fileRef = 505A693B24A12FB10010BE4A /* LoginViewController.swift */; };
		505A694724A12FB10010BE4A /* LoginInteractor.swift in Sources */ = {isa = PBXBuildFile; fileRef = 505A693D24A12FB10010BE4A /* LoginInteractor.swift */; };
		505A694824A12FB10010BE4A /* LoginLocalizatedStrings.swift in Sources */ = {isa = PBXBuildFile; fileRef = 505A693F24A12FB10010BE4A /* LoginLocalizatedStrings.swift */; };
		505A694924A12FB10010BE4A /* LoginRouter.swift in Sources */ = {isa = PBXBuildFile; fileRef = 505A694124A12FB10010BE4A /* LoginRouter.swift */; };
		505A694C24A13BA30010BE4A /* UIView+IBInspectable.swift in Sources */ = {isa = PBXBuildFile; fileRef = 505A694B24A13BA30010BE4A /* UIView+IBInspectable.swift */; };
		505A695024A146190010BE4A /* UIViewController+Keyboard.swift in Sources */ = {isa = PBXBuildFile; fileRef = 505A694F24A146190010BE4A /* UIViewController+Keyboard.swift */; };
		505A695424A154110010BE4A /* UserDatabaseService.swift in Sources */ = {isa = PBXBuildFile; fileRef = 505A695324A154110010BE4A /* UserDatabaseService.swift */; };
		505A695724A154830010BE4A /* Realm+Extensions.swift in Sources */ = {isa = PBXBuildFile; fileRef = 505A695624A154830010BE4A /* Realm+Extensions.swift */; };
		505A695B24A155410010BE4A /* UserEntity.swift in Sources */ = {isa = PBXBuildFile; fileRef = 505A695A24A155410010BE4A /* UserEntity.swift */; };
		505A696E24A164930010BE4A /* HomeViewModel.swift in Sources */ = {isa = PBXBuildFile; fileRef = 505A696024A164930010BE4A /* HomeViewModel.swift */; };
		505A696F24A164930010BE4A /* HomeContract.swift in Sources */ = {isa = PBXBuildFile; fileRef = 505A696224A164930010BE4A /* HomeContract.swift */; };
		505A697024A164930010BE4A /* HomePresenter.swift in Sources */ = {isa = PBXBuildFile; fileRef = 505A696424A164930010BE4A /* HomePresenter.swift */; };
		505A697124A164930010BE4A /* HomeViewController.xib in Resources */ = {isa = PBXBuildFile; fileRef = 505A696624A164930010BE4A /* HomeViewController.xib */; };
		505A697224A164930010BE4A /* HomeViewController.swift in Sources */ = {isa = PBXBuildFile; fileRef = 505A696724A164930010BE4A /* HomeViewController.swift */; };
		505A697324A164930010BE4A /* HomeInteractor.swift in Sources */ = {isa = PBXBuildFile; fileRef = 505A696924A164930010BE4A /* HomeInteractor.swift */; };
		505A697424A164930010BE4A /* HomeLocalizatedStrings.swift in Sources */ = {isa = PBXBuildFile; fileRef = 505A696B24A164930010BE4A /* HomeLocalizatedStrings.swift */; };
		505A697524A164930010BE4A /* HomeRouter.swift in Sources */ = {isa = PBXBuildFile; fileRef = 505A696D24A164930010BE4A /* HomeRouter.swift */; };
		505A698824A167D20010BE4A /* WalletTransactionsViewModel.swift in Sources */ = {isa = PBXBuildFile; fileRef = 505A697A24A167D20010BE4A /* WalletTransactionsViewModel.swift */; };
		505A698924A167D20010BE4A /* WalletTransactionsContract.swift in Sources */ = {isa = PBXBuildFile; fileRef = 505A697C24A167D20010BE4A /* WalletTransactionsContract.swift */; };
		505A698A24A167D20010BE4A /* WalletTransactionsPresenter.swift in Sources */ = {isa = PBXBuildFile; fileRef = 505A697E24A167D20010BE4A /* WalletTransactionsPresenter.swift */; };
		505A698B24A167D20010BE4A /* WalletTransactionsViewController.xib in Resources */ = {isa = PBXBuildFile; fileRef = 505A698024A167D20010BE4A /* WalletTransactionsViewController.xib */; };
		505A698C24A167D20010BE4A /* WalletTransactionsViewController.swift in Sources */ = {isa = PBXBuildFile; fileRef = 505A698124A167D20010BE4A /* WalletTransactionsViewController.swift */; };
		505A698D24A167D20010BE4A /* WalletTransactionsInteractor.swift in Sources */ = {isa = PBXBuildFile; fileRef = 505A698324A167D20010BE4A /* WalletTransactionsInteractor.swift */; };
		505A698E24A167D20010BE4A /* WalletTransactionsLocalizatedStrings.swift in Sources */ = {isa = PBXBuildFile; fileRef = 505A698524A167D20010BE4A /* WalletTransactionsLocalizatedStrings.swift */; };
		505A698F24A167D20010BE4A /* WalletTransactionsRouter.swift in Sources */ = {isa = PBXBuildFile; fileRef = 505A698724A167D20010BE4A /* WalletTransactionsRouter.swift */; };
		505A69A224A169170010BE4A /* QRCodeScannerViewModel.swift in Sources */ = {isa = PBXBuildFile; fileRef = 505A699424A169170010BE4A /* QRCodeScannerViewModel.swift */; };
		505A69A324A169170010BE4A /* QRCodeScannerContract.swift in Sources */ = {isa = PBXBuildFile; fileRef = 505A699624A169170010BE4A /* QRCodeScannerContract.swift */; };
		505A69A424A169170010BE4A /* QRCodeScannerPresenter.swift in Sources */ = {isa = PBXBuildFile; fileRef = 505A699824A169170010BE4A /* QRCodeScannerPresenter.swift */; };
		505A69A524A169170010BE4A /* QRCodeScannerViewController.xib in Resources */ = {isa = PBXBuildFile; fileRef = 505A699A24A169170010BE4A /* QRCodeScannerViewController.xib */; };
		505A69A624A169170010BE4A /* QRCodeScannerViewController.swift in Sources */ = {isa = PBXBuildFile; fileRef = 505A699B24A169170010BE4A /* QRCodeScannerViewController.swift */; };
		505A69A724A169170010BE4A /* QRCodeScannerInteractor.swift in Sources */ = {isa = PBXBuildFile; fileRef = 505A699D24A169170010BE4A /* QRCodeScannerInteractor.swift */; };
		505A69A824A169170010BE4A /* QRCodeScannerLocalizatedStrings.swift in Sources */ = {isa = PBXBuildFile; fileRef = 505A699F24A169170010BE4A /* QRCodeScannerLocalizatedStrings.swift */; };
		505A69A924A169170010BE4A /* QRCodeScannerRouter.swift in Sources */ = {isa = PBXBuildFile; fileRef = 505A69A124A169170010BE4A /* QRCodeScannerRouter.swift */; };
		505A69BC24A169A50010BE4A /* ProfileViewModel.swift in Sources */ = {isa = PBXBuildFile; fileRef = 505A69AE24A169A50010BE4A /* ProfileViewModel.swift */; };
		505A69BD24A169A50010BE4A /* ProfileContract.swift in Sources */ = {isa = PBXBuildFile; fileRef = 505A69B024A169A50010BE4A /* ProfileContract.swift */; };
		505A69BE24A169A50010BE4A /* ProfilePresenter.swift in Sources */ = {isa = PBXBuildFile; fileRef = 505A69B224A169A50010BE4A /* ProfilePresenter.swift */; };
		505A69BF24A169A50010BE4A /* ProfileViewController.xib in Resources */ = {isa = PBXBuildFile; fileRef = 505A69B424A169A50010BE4A /* ProfileViewController.xib */; };
		505A69C024A169A50010BE4A /* ProfileViewController.swift in Sources */ = {isa = PBXBuildFile; fileRef = 505A69B524A169A50010BE4A /* ProfileViewController.swift */; };
		505A69C124A169A50010BE4A /* ProfileInteractor.swift in Sources */ = {isa = PBXBuildFile; fileRef = 505A69B724A169A50010BE4A /* ProfileInteractor.swift */; };
		505A69C224A169A50010BE4A /* ProfileLocalizatedStrings.swift in Sources */ = {isa = PBXBuildFile; fileRef = 505A69B924A169A50010BE4A /* ProfileLocalizatedStrings.swift */; };
		505A69C324A169A50010BE4A /* ProfileRouter.swift in Sources */ = {isa = PBXBuildFile; fileRef = 505A69BB24A169A50010BE4A /* ProfileRouter.swift */; };
		505A69C524A17DD80010BE4A /* HomeImages.swift in Sources */ = {isa = PBXBuildFile; fileRef = 505A69C424A17DD80010BE4A /* HomeImages.swift */; };
		505A69CA24A182EA0010BE4A /* UIColor+Extension.swift in Sources */ = {isa = PBXBuildFile; fileRef = 505A69C924A182EA0010BE4A /* UIColor+Extension.swift */; };
		505D30DE24A256D1003D3B21 /* PaymentViewModel.swift in Sources */ = {isa = PBXBuildFile; fileRef = 505D30D024A256D1003D3B21 /* PaymentViewModel.swift */; };
		505D30DF24A256D1003D3B21 /* PaymentContract.swift in Sources */ = {isa = PBXBuildFile; fileRef = 505D30D224A256D1003D3B21 /* PaymentContract.swift */; };
		505D30E024A256D1003D3B21 /* PaymentPresenter.swift in Sources */ = {isa = PBXBuildFile; fileRef = 505D30D424A256D1003D3B21 /* PaymentPresenter.swift */; };
		505D30E124A256D1003D3B21 /* PaymentViewController.xib in Resources */ = {isa = PBXBuildFile; fileRef = 505D30D624A256D1003D3B21 /* PaymentViewController.xib */; };
		505D30E224A256D1003D3B21 /* PaymentViewController.swift in Sources */ = {isa = PBXBuildFile; fileRef = 505D30D724A256D1003D3B21 /* PaymentViewController.swift */; };
		505D30E324A256D1003D3B21 /* PaymentInteractor.swift in Sources */ = {isa = PBXBuildFile; fileRef = 505D30D924A256D1003D3B21 /* PaymentInteractor.swift */; };
		505D30E424A256D1003D3B21 /* PaymentLocalizatedStrings.swift in Sources */ = {isa = PBXBuildFile; fileRef = 505D30DB24A256D1003D3B21 /* PaymentLocalizatedStrings.swift */; };
		505D30E524A256D1003D3B21 /* PaymentRouter.swift in Sources */ = {isa = PBXBuildFile; fileRef = 505D30DD24A256D1003D3B21 /* PaymentRouter.swift */; };
		505D30EA24A2A919003D3B21 /* PaymentSuccessedView.swift in Sources */ = {isa = PBXBuildFile; fileRef = 505D30E824A2A919003D3B21 /* PaymentSuccessedView.swift */; };
		505D30EB24A2A919003D3B21 /* PaymentSuccessedView.xib in Resources */ = {isa = PBXBuildFile; fileRef = 505D30E924A2A919003D3B21 /* PaymentSuccessedView.xib */; };
		505D30EF24A2C6F5003D3B21 /* TransactionEntity.swift in Sources */ = {isa = PBXBuildFile; fileRef = 505D30EE24A2C6F5003D3B21 /* TransactionEntity.swift */; };
		505D30F224A2CBE2003D3B21 /* Transaction.swift in Sources */ = {isa = PBXBuildFile; fileRef = 505D30F124A2CBE2003D3B21 /* Transaction.swift */; };
		505D30F424A2CBFA003D3B21 /* Currency.swift in Sources */ = {isa = PBXBuildFile; fileRef = 505D30F324A2CBFA003D3B21 /* Currency.swift */; };
		505D30F624A2CC3B003D3B21 /* User.swift in Sources */ = {isa = PBXBuildFile; fileRef = 505D30F524A2CC3B003D3B21 /* User.swift */; };
		505D30F924A2DA47003D3B21 /* UserInfoProtocol.swift in Sources */ = {isa = PBXBuildFile; fileRef = 505D30F824A2DA47003D3B21 /* UserInfoProtocol.swift */; };
		505D30FC24A2DD6B003D3B21 /* StandardError.swift in Sources */ = {isa = PBXBuildFile; fileRef = 505D30FB24A2DD6B003D3B21 /* StandardError.swift */; };
		505D30FF24A2DFEC003D3B21 /* EncryptionService.swift in Sources */ = {isa = PBXBuildFile; fileRef = 505D30FE24A2DFEC003D3B21 /* EncryptionService.swift */; };
		505D310224A2E378003D3B21 /* KeyChainService.swift in Sources */ = {isa = PBXBuildFile; fileRef = 505D310124A2E378003D3B21 /* KeyChainService.swift */; };
		505D310524A2E5DF003D3B21 /* Data+Extension.swift in Sources */ = {isa = PBXBuildFile; fileRef = 505D310424A2E5DF003D3B21 /* Data+Extension.swift */; };
		5098227A249D15450020A5A5 /* AppDelegate.swift in Sources */ = {isa = PBXBuildFile; fileRef = 50982279249D15450020A5A5 /* AppDelegate.swift */; };
		50982291249D154F0020A5A5 /* PaymentWallTaskTests.swift in Sources */ = {isa = PBXBuildFile; fileRef = 50982290249D154F0020A5A5 /* PaymentWallTaskTests.swift */; };
		5098229C249D154F0020A5A5 /* PaymentWallTaskUITests.swift in Sources */ = {isa = PBXBuildFile; fileRef = 5098229B249D154F0020A5A5 /* PaymentWallTaskUITests.swift */; };
		509822B2249D182C0020A5A5 /* RootRouter.swift in Sources */ = {isa = PBXBuildFile; fileRef = 509822B1249D182C0020A5A5 /* RootRouter.swift */; };
		509822B5249D18830020A5A5 /* RootContract.swift in Sources */ = {isa = PBXBuildFile; fileRef = 509822B4249D18830020A5A5 /* RootContract.swift */; };
		509822B9249D1A880020A5A5 /* Assets.xcassets in Resources */ = {isa = PBXBuildFile; fileRef = 50982282249D154F0020A5A5 /* Assets.xcassets */; };
		509822C4249D23130020A5A5 /* UIView+Constraints.swift in Sources */ = {isa = PBXBuildFile; fileRef = 509822C3249D23130020A5A5 /* UIView+Constraints.swift */; };
		509822C7249D25500020A5A5 /* LaunchScreen.storyboard in Resources */ = {isa = PBXBuildFile; fileRef = 509822C5249D25500020A5A5 /* LaunchScreen.storyboard */; };
		50D14E3224A244EF009B648A /* UIViewController+Alerts.swift in Sources */ = {isa = PBXBuildFile; fileRef = 50D14E3124A244EF009B648A /* UIViewController+Alerts.swift */; };
		50F7294824A204DF00C719B0 /* TransactionCell.swift in Sources */ = {isa = PBXBuildFile; fileRef = 50F7294624A204DF00C719B0 /* TransactionCell.swift */; };
		50F7294924A204DF00C719B0 /* TransactionCell.xib in Resources */ = {isa = PBXBuildFile; fileRef = 50F7294724A204DF00C719B0 /* TransactionCell.xib */; };
		50F7294C24A20CC900C719B0 /* TransactionTableViewHeaderView.swift in Sources */ = {isa = PBXBuildFile; fileRef = 50F7294B24A20CC900C719B0 /* TransactionTableViewHeaderView.swift */; };
		50F7295324A224A900C719B0 /* WalletHeaderView.swift in Sources */ = {isa = PBXBuildFile; fileRef = 50F7295124A224A900C719B0 /* WalletHeaderView.swift */; };
		50F7295424A224A900C719B0 /* WalletHeaderView.xib in Resources */ = {isa = PBXBuildFile; fileRef = 50F7295224A224A900C719B0 /* WalletHeaderView.xib */; };
		9C7ED93E2A3A7FBACEE7BF71 /* Pods_PaymentWallTaskTests.framework in Frameworks */ = {isa = PBXBuildFile; fileRef = 4520F7FD206FFFF7C7EE9F53 /* Pods_PaymentWallTaskTests.framework */; };
		A0E03D4F941BD4364038E8C9 /* Pods_PaymentWallTask.framework in Frameworks */ = {isa = PBXBuildFile; fileRef = 023E13161C7E88ED8CE1A264 /* Pods_PaymentWallTask.framework */; };
		FD785D7F59AC7A9883DF0926 /* Pods_PaymentWallTask_PaymentWallTaskUITests.framework in Frameworks */ = {isa = PBXBuildFile; fileRef = 1F983F305D95765C14070ABC /* Pods_PaymentWallTask_PaymentWallTaskUITests.framework */; };
/* End PBXBuildFile section */

/* Begin PBXContainerItemProxy section */
		5098228D249D154F0020A5A5 /* PBXContainerItemProxy */ = {
			isa = PBXContainerItemProxy;
			containerPortal = 5098226E249D15450020A5A5 /* Project object */;
			proxyType = 1;
			remoteGlobalIDString = 50982275249D15450020A5A5;
			remoteInfo = PaymentWallTask;
		};
		50982298249D154F0020A5A5 /* PBXContainerItemProxy */ = {
			isa = PBXContainerItemProxy;
			containerPortal = 5098226E249D15450020A5A5 /* Project object */;
			proxyType = 1;
			remoteGlobalIDString = 50982275249D15450020A5A5;
			remoteInfo = PaymentWallTask;
		};
/* End PBXContainerItemProxy section */

/* Begin PBXFileReference section */
		023E13161C7E88ED8CE1A264 /* Pods_PaymentWallTask.framework */ = {isa = PBXFileReference; explicitFileType = wrapper.framework; includeInIndex = 0; path = Pods_PaymentWallTask.framework; sourceTree = BUILT_PRODUCTS_DIR; };
		1F983F305D95765C14070ABC /* Pods_PaymentWallTask_PaymentWallTaskUITests.framework */ = {isa = PBXFileReference; explicitFileType = wrapper.framework; includeInIndex = 0; path = Pods_PaymentWallTask_PaymentWallTaskUITests.framework; sourceTree = BUILT_PRODUCTS_DIR; };
		4520F7FD206FFFF7C7EE9F53 /* Pods_PaymentWallTaskTests.framework */ = {isa = PBXFileReference; explicitFileType = wrapper.framework; includeInIndex = 0; path = Pods_PaymentWallTaskTests.framework; sourceTree = BUILT_PRODUCTS_DIR; };
		505A693424A12FB10010BE4A /* LoginViewModel.swift */ = {isa = PBXFileReference; fileEncoding = 4; lastKnownFileType = sourcecode.swift; path = LoginViewModel.swift; sourceTree = "<group>"; };
		505A693624A12FB10010BE4A /* LoginContract.swift */ = {isa = PBXFileReference; fileEncoding = 4; lastKnownFileType = sourcecode.swift; path = LoginContract.swift; sourceTree = "<group>"; };
		505A693824A12FB10010BE4A /* LoginPresenter.swift */ = {isa = PBXFileReference; fileEncoding = 4; lastKnownFileType = sourcecode.swift; path = LoginPresenter.swift; sourceTree = "<group>"; };
		505A693A24A12FB10010BE4A /* LoginViewController.xib */ = {isa = PBXFileReference; fileEncoding = 4; lastKnownFileType = file.xib; path = LoginViewController.xib; sourceTree = "<group>"; };
		505A693B24A12FB10010BE4A /* LoginViewController.swift */ = {isa = PBXFileReference; fileEncoding = 4; lastKnownFileType = sourcecode.swift; path = LoginViewController.swift; sourceTree = "<group>"; };
		505A693D24A12FB10010BE4A /* LoginInteractor.swift */ = {isa = PBXFileReference; fileEncoding = 4; lastKnownFileType = sourcecode.swift; path = LoginInteractor.swift; sourceTree = "<group>"; };
		505A693F24A12FB10010BE4A /* LoginLocalizatedStrings.swift */ = {isa = PBXFileReference; fileEncoding = 4; lastKnownFileType = sourcecode.swift; path = LoginLocalizatedStrings.swift; sourceTree = "<group>"; };
		505A694124A12FB10010BE4A /* LoginRouter.swift */ = {isa = PBXFileReference; fileEncoding = 4; lastKnownFileType = sourcecode.swift; path = LoginRouter.swift; sourceTree = "<group>"; };
		505A694B24A13BA30010BE4A /* UIView+IBInspectable.swift */ = {isa = PBXFileReference; lastKnownFileType = sourcecode.swift; path = "UIView+IBInspectable.swift"; sourceTree = "<group>"; };
		505A694F24A146190010BE4A /* UIViewController+Keyboard.swift */ = {isa = PBXFileReference; lastKnownFileType = sourcecode.swift; path = "UIViewController+Keyboard.swift"; sourceTree = "<group>"; };
		505A695324A154110010BE4A /* UserDatabaseService.swift */ = {isa = PBXFileReference; lastKnownFileType = sourcecode.swift; path = UserDatabaseService.swift; sourceTree = "<group>"; };
		505A695624A154830010BE4A /* Realm+Extensions.swift */ = {isa = PBXFileReference; lastKnownFileType = sourcecode.swift; path = "Realm+Extensions.swift"; sourceTree = "<group>"; };
		505A695A24A155410010BE4A /* UserEntity.swift */ = {isa = PBXFileReference; lastKnownFileType = sourcecode.swift; path = UserEntity.swift; sourceTree = "<group>"; };
		505A696024A164930010BE4A /* HomeViewModel.swift */ = {isa = PBXFileReference; fileEncoding = 4; lastKnownFileType = sourcecode.swift; path = HomeViewModel.swift; sourceTree = "<group>"; };
		505A696224A164930010BE4A /* HomeContract.swift */ = {isa = PBXFileReference; fileEncoding = 4; lastKnownFileType = sourcecode.swift; path = HomeContract.swift; sourceTree = "<group>"; };
		505A696424A164930010BE4A /* HomePresenter.swift */ = {isa = PBXFileReference; fileEncoding = 4; lastKnownFileType = sourcecode.swift; path = HomePresenter.swift; sourceTree = "<group>"; };
		505A696624A164930010BE4A /* HomeViewController.xib */ = {isa = PBXFileReference; fileEncoding = 4; lastKnownFileType = file.xib; path = HomeViewController.xib; sourceTree = "<group>"; };
		505A696724A164930010BE4A /* HomeViewController.swift */ = {isa = PBXFileReference; fileEncoding = 4; lastKnownFileType = sourcecode.swift; path = HomeViewController.swift; sourceTree = "<group>"; };
		505A696924A164930010BE4A /* HomeInteractor.swift */ = {isa = PBXFileReference; fileEncoding = 4; lastKnownFileType = sourcecode.swift; path = HomeInteractor.swift; sourceTree = "<group>"; };
		505A696B24A164930010BE4A /* HomeLocalizatedStrings.swift */ = {isa = PBXFileReference; fileEncoding = 4; lastKnownFileType = sourcecode.swift; path = HomeLocalizatedStrings.swift; sourceTree = "<group>"; };
		505A696D24A164930010BE4A /* HomeRouter.swift */ = {isa = PBXFileReference; fileEncoding = 4; lastKnownFileType = sourcecode.swift; path = HomeRouter.swift; sourceTree = "<group>"; };
		505A697A24A167D20010BE4A /* WalletTransactionsViewModel.swift */ = {isa = PBXFileReference; fileEncoding = 4; lastKnownFileType = sourcecode.swift; path = WalletTransactionsViewModel.swift; sourceTree = "<group>"; };
		505A697C24A167D20010BE4A /* WalletTransactionsContract.swift */ = {isa = PBXFileReference; fileEncoding = 4; lastKnownFileType = sourcecode.swift; path = WalletTransactionsContract.swift; sourceTree = "<group>"; };
		505A697E24A167D20010BE4A /* WalletTransactionsPresenter.swift */ = {isa = PBXFileReference; fileEncoding = 4; lastKnownFileType = sourcecode.swift; path = WalletTransactionsPresenter.swift; sourceTree = "<group>"; };
		505A698024A167D20010BE4A /* WalletTransactionsViewController.xib */ = {isa = PBXFileReference; fileEncoding = 4; lastKnownFileType = file.xib; path = WalletTransactionsViewController.xib; sourceTree = "<group>"; };
		505A698124A167D20010BE4A /* WalletTransactionsViewController.swift */ = {isa = PBXFileReference; fileEncoding = 4; lastKnownFileType = sourcecode.swift; path = WalletTransactionsViewController.swift; sourceTree = "<group>"; };
		505A698324A167D20010BE4A /* WalletTransactionsInteractor.swift */ = {isa = PBXFileReference; fileEncoding = 4; lastKnownFileType = sourcecode.swift; path = WalletTransactionsInteractor.swift; sourceTree = "<group>"; };
		505A698524A167D20010BE4A /* WalletTransactionsLocalizatedStrings.swift */ = {isa = PBXFileReference; fileEncoding = 4; lastKnownFileType = sourcecode.swift; path = WalletTransactionsLocalizatedStrings.swift; sourceTree = "<group>"; };
		505A698724A167D20010BE4A /* WalletTransactionsRouter.swift */ = {isa = PBXFileReference; fileEncoding = 4; lastKnownFileType = sourcecode.swift; path = WalletTransactionsRouter.swift; sourceTree = "<group>"; };
		505A699424A169170010BE4A /* QRCodeScannerViewModel.swift */ = {isa = PBXFileReference; fileEncoding = 4; lastKnownFileType = sourcecode.swift; path = QRCodeScannerViewModel.swift; sourceTree = "<group>"; };
		505A699624A169170010BE4A /* QRCodeScannerContract.swift */ = {isa = PBXFileReference; fileEncoding = 4; lastKnownFileType = sourcecode.swift; path = QRCodeScannerContract.swift; sourceTree = "<group>"; };
		505A699824A169170010BE4A /* QRCodeScannerPresenter.swift */ = {isa = PBXFileReference; fileEncoding = 4; lastKnownFileType = sourcecode.swift; path = QRCodeScannerPresenter.swift; sourceTree = "<group>"; };
		505A699A24A169170010BE4A /* QRCodeScannerViewController.xib */ = {isa = PBXFileReference; fileEncoding = 4; lastKnownFileType = file.xib; path = QRCodeScannerViewController.xib; sourceTree = "<group>"; };
		505A699B24A169170010BE4A /* QRCodeScannerViewController.swift */ = {isa = PBXFileReference; fileEncoding = 4; lastKnownFileType = sourcecode.swift; path = QRCodeScannerViewController.swift; sourceTree = "<group>"; };
		505A699D24A169170010BE4A /* QRCodeScannerInteractor.swift */ = {isa = PBXFileReference; fileEncoding = 4; lastKnownFileType = sourcecode.swift; path = QRCodeScannerInteractor.swift; sourceTree = "<group>"; };
		505A699F24A169170010BE4A /* QRCodeScannerLocalizatedStrings.swift */ = {isa = PBXFileReference; fileEncoding = 4; lastKnownFileType = sourcecode.swift; path = QRCodeScannerLocalizatedStrings.swift; sourceTree = "<group>"; };
		505A69A124A169170010BE4A /* QRCodeScannerRouter.swift */ = {isa = PBXFileReference; fileEncoding = 4; lastKnownFileType = sourcecode.swift; path = QRCodeScannerRouter.swift; sourceTree = "<group>"; };
		505A69AE24A169A50010BE4A /* ProfileViewModel.swift */ = {isa = PBXFileReference; fileEncoding = 4; lastKnownFileType = sourcecode.swift; path = ProfileViewModel.swift; sourceTree = "<group>"; };
		505A69B024A169A50010BE4A /* ProfileContract.swift */ = {isa = PBXFileReference; fileEncoding = 4; lastKnownFileType = sourcecode.swift; path = ProfileContract.swift; sourceTree = "<group>"; };
		505A69B224A169A50010BE4A /* ProfilePresenter.swift */ = {isa = PBXFileReference; fileEncoding = 4; lastKnownFileType = sourcecode.swift; path = ProfilePresenter.swift; sourceTree = "<group>"; };
		505A69B424A169A50010BE4A /* ProfileViewController.xib */ = {isa = PBXFileReference; fileEncoding = 4; lastKnownFileType = file.xib; path = ProfileViewController.xib; sourceTree = "<group>"; };
		505A69B524A169A50010BE4A /* ProfileViewController.swift */ = {isa = PBXFileReference; fileEncoding = 4; lastKnownFileType = sourcecode.swift; path = ProfileViewController.swift; sourceTree = "<group>"; };
		505A69B724A169A50010BE4A /* ProfileInteractor.swift */ = {isa = PBXFileReference; fileEncoding = 4; lastKnownFileType = sourcecode.swift; path = ProfileInteractor.swift; sourceTree = "<group>"; };
		505A69B924A169A50010BE4A /* ProfileLocalizatedStrings.swift */ = {isa = PBXFileReference; fileEncoding = 4; lastKnownFileType = sourcecode.swift; path = ProfileLocalizatedStrings.swift; sourceTree = "<group>"; };
		505A69BB24A169A50010BE4A /* ProfileRouter.swift */ = {isa = PBXFileReference; fileEncoding = 4; lastKnownFileType = sourcecode.swift; path = ProfileRouter.swift; sourceTree = "<group>"; };
		505A69C424A17DD80010BE4A /* HomeImages.swift */ = {isa = PBXFileReference; lastKnownFileType = sourcecode.swift; path = HomeImages.swift; sourceTree = "<group>"; };
		505A69C924A182EA0010BE4A /* UIColor+Extension.swift */ = {isa = PBXFileReference; lastKnownFileType = sourcecode.swift; path = "UIColor+Extension.swift"; sourceTree = "<group>"; };
		505D30D024A256D1003D3B21 /* PaymentViewModel.swift */ = {isa = PBXFileReference; fileEncoding = 4; lastKnownFileType = sourcecode.swift; path = PaymentViewModel.swift; sourceTree = "<group>"; };
		505D30D224A256D1003D3B21 /* PaymentContract.swift */ = {isa = PBXFileReference; fileEncoding = 4; lastKnownFileType = sourcecode.swift; path = PaymentContract.swift; sourceTree = "<group>"; };
		505D30D424A256D1003D3B21 /* PaymentPresenter.swift */ = {isa = PBXFileReference; fileEncoding = 4; lastKnownFileType = sourcecode.swift; path = PaymentPresenter.swift; sourceTree = "<group>"; };
		505D30D624A256D1003D3B21 /* PaymentViewController.xib */ = {isa = PBXFileReference; fileEncoding = 4; lastKnownFileType = file.xib; path = PaymentViewController.xib; sourceTree = "<group>"; };
		505D30D724A256D1003D3B21 /* PaymentViewController.swift */ = {isa = PBXFileReference; fileEncoding = 4; lastKnownFileType = sourcecode.swift; path = PaymentViewController.swift; sourceTree = "<group>"; };
		505D30D924A256D1003D3B21 /* PaymentInteractor.swift */ = {isa = PBXFileReference; fileEncoding = 4; lastKnownFileType = sourcecode.swift; path = PaymentInteractor.swift; sourceTree = "<group>"; };
		505D30DB24A256D1003D3B21 /* PaymentLocalizatedStrings.swift */ = {isa = PBXFileReference; fileEncoding = 4; lastKnownFileType = sourcecode.swift; path = PaymentLocalizatedStrings.swift; sourceTree = "<group>"; };
		505D30DD24A256D1003D3B21 /* PaymentRouter.swift */ = {isa = PBXFileReference; fileEncoding = 4; lastKnownFileType = sourcecode.swift; path = PaymentRouter.swift; sourceTree = "<group>"; };
		505D30E824A2A919003D3B21 /* PaymentSuccessedView.swift */ = {isa = PBXFileReference; lastKnownFileType = sourcecode.swift; path = PaymentSuccessedView.swift; sourceTree = "<group>"; };
		505D30E924A2A919003D3B21 /* PaymentSuccessedView.xib */ = {isa = PBXFileReference; lastKnownFileType = file.xib; path = PaymentSuccessedView.xib; sourceTree = "<group>"; };
		505D30EE24A2C6F5003D3B21 /* TransactionEntity.swift */ = {isa = PBXFileReference; lastKnownFileType = sourcecode.swift; path = TransactionEntity.swift; sourceTree = "<group>"; };
		505D30F124A2CBE2003D3B21 /* Transaction.swift */ = {isa = PBXFileReference; lastKnownFileType = sourcecode.swift; path = Transaction.swift; sourceTree = "<group>"; };
		505D30F324A2CBFA003D3B21 /* Currency.swift */ = {isa = PBXFileReference; lastKnownFileType = sourcecode.swift; path = Currency.swift; sourceTree = "<group>"; };
		505D30F524A2CC3B003D3B21 /* User.swift */ = {isa = PBXFileReference; lastKnownFileType = sourcecode.swift; path = User.swift; sourceTree = "<group>"; };
		505D30F824A2DA47003D3B21 /* UserInfoProtocol.swift */ = {isa = PBXFileReference; lastKnownFileType = sourcecode.swift; path = UserInfoProtocol.swift; sourceTree = "<group>"; };
		505D30FB24A2DD6B003D3B21 /* StandardError.swift */ = {isa = PBXFileReference; lastKnownFileType = sourcecode.swift; path = StandardError.swift; sourceTree = "<group>"; };
		505D30FE24A2DFEC003D3B21 /* EncryptionService.swift */ = {isa = PBXFileReference; lastKnownFileType = sourcecode.swift; path = EncryptionService.swift; sourceTree = "<group>"; };
		505D310124A2E378003D3B21 /* KeyChainService.swift */ = {isa = PBXFileReference; lastKnownFileType = sourcecode.swift; path = KeyChainService.swift; sourceTree = "<group>"; };
		505D310424A2E5DF003D3B21 /* Data+Extension.swift */ = {isa = PBXFileReference; lastKnownFileType = sourcecode.swift; path = "Data+Extension.swift"; sourceTree = "<group>"; };
		50982276249D15450020A5A5 /* PaymentWallTask.app */ = {isa = PBXFileReference; explicitFileType = wrapper.application; includeInIndex = 0; path = PaymentWallTask.app; sourceTree = BUILT_PRODUCTS_DIR; };
		50982279249D15450020A5A5 /* AppDelegate.swift */ = {isa = PBXFileReference; lastKnownFileType = sourcecode.swift; path = AppDelegate.swift; sourceTree = "<group>"; };
		50982282249D154F0020A5A5 /* Assets.xcassets */ = {isa = PBXFileReference; lastKnownFileType = folder.assetcatalog; path = Assets.xcassets; sourceTree = "<group>"; };
		50982287249D154F0020A5A5 /* Info.plist */ = {isa = PBXFileReference; lastKnownFileType = text.plist.xml; path = Info.plist; sourceTree = "<group>"; };
		5098228C249D154F0020A5A5 /* PaymentWallTaskTests.xctest */ = {isa = PBXFileReference; explicitFileType = wrapper.cfbundle; includeInIndex = 0; path = PaymentWallTaskTests.xctest; sourceTree = BUILT_PRODUCTS_DIR; };
		50982290249D154F0020A5A5 /* PaymentWallTaskTests.swift */ = {isa = PBXFileReference; lastKnownFileType = sourcecode.swift; path = PaymentWallTaskTests.swift; sourceTree = "<group>"; };
		50982292249D154F0020A5A5 /* Info.plist */ = {isa = PBXFileReference; lastKnownFileType = text.plist.xml; path = Info.plist; sourceTree = "<group>"; };
		50982297249D154F0020A5A5 /* PaymentWallTaskUITests.xctest */ = {isa = PBXFileReference; explicitFileType = wrapper.cfbundle; includeInIndex = 0; path = PaymentWallTaskUITests.xctest; sourceTree = BUILT_PRODUCTS_DIR; };
		5098229B249D154F0020A5A5 /* PaymentWallTaskUITests.swift */ = {isa = PBXFileReference; lastKnownFileType = sourcecode.swift; path = PaymentWallTaskUITests.swift; sourceTree = "<group>"; };
		5098229D249D154F0020A5A5 /* Info.plist */ = {isa = PBXFileReference; lastKnownFileType = text.plist.xml; path = Info.plist; sourceTree = "<group>"; };
		509822B1249D182C0020A5A5 /* RootRouter.swift */ = {isa = PBXFileReference; lastKnownFileType = sourcecode.swift; path = RootRouter.swift; sourceTree = "<group>"; };
		509822B4249D18830020A5A5 /* RootContract.swift */ = {isa = PBXFileReference; lastKnownFileType = sourcecode.swift; path = RootContract.swift; sourceTree = "<group>"; };
		509822C3249D23130020A5A5 /* UIView+Constraints.swift */ = {isa = PBXFileReference; fileEncoding = 4; lastKnownFileType = sourcecode.swift; path = "UIView+Constraints.swift"; sourceTree = "<group>"; };
		509822C6249D25500020A5A5 /* Base */ = {isa = PBXFileReference; lastKnownFileType = file.storyboard; name = Base; path = Base.lproj/LaunchScreen.storyboard; sourceTree = "<group>"; };
		50D14E3124A244EF009B648A /* UIViewController+Alerts.swift */ = {isa = PBXFileReference; lastKnownFileType = sourcecode.swift; path = "UIViewController+Alerts.swift"; sourceTree = "<group>"; };
		50F7294624A204DF00C719B0 /* TransactionCell.swift */ = {isa = PBXFileReference; lastKnownFileType = sourcecode.swift; path = TransactionCell.swift; sourceTree = "<group>"; };
		50F7294724A204DF00C719B0 /* TransactionCell.xib */ = {isa = PBXFileReference; lastKnownFileType = file.xib; path = TransactionCell.xib; sourceTree = "<group>"; };
		50F7294B24A20CC900C719B0 /* TransactionTableViewHeaderView.swift */ = {isa = PBXFileReference; lastKnownFileType = sourcecode.swift; path = TransactionTableViewHeaderView.swift; sourceTree = "<group>"; };
		50F7295124A224A900C719B0 /* WalletHeaderView.swift */ = {isa = PBXFileReference; lastKnownFileType = sourcecode.swift; path = WalletHeaderView.swift; sourceTree = "<group>"; };
		50F7295224A224A900C719B0 /* WalletHeaderView.xib */ = {isa = PBXFileReference; lastKnownFileType = file.xib; path = WalletHeaderView.xib; sourceTree = "<group>"; };
		662B058A596B1AE5CD825D61 /* Pods-PaymentWallTask.debug.xcconfig */ = {isa = PBXFileReference; includeInIndex = 1; lastKnownFileType = text.xcconfig; name = "Pods-PaymentWallTask.debug.xcconfig"; path = "Target Support Files/Pods-PaymentWallTask/Pods-PaymentWallTask.debug.xcconfig"; sourceTree = "<group>"; };
		B90A29F7E76E1813E0F3CF53 /* Pods-PaymentWallTask.release.xcconfig */ = {isa = PBXFileReference; includeInIndex = 1; lastKnownFileType = text.xcconfig; name = "Pods-PaymentWallTask.release.xcconfig"; path = "Target Support Files/Pods-PaymentWallTask/Pods-PaymentWallTask.release.xcconfig"; sourceTree = "<group>"; };
		C817DF64767C859A823617DD /* Pods-PaymentWallTaskTests.debug.xcconfig */ = {isa = PBXFileReference; includeInIndex = 1; lastKnownFileType = text.xcconfig; name = "Pods-PaymentWallTaskTests.debug.xcconfig"; path = "Target Support Files/Pods-PaymentWallTaskTests/Pods-PaymentWallTaskTests.debug.xcconfig"; sourceTree = "<group>"; };
		CAFE40AD8C31159141E46881 /* Pods-PaymentWallTaskTests.release.xcconfig */ = {isa = PBXFileReference; includeInIndex = 1; lastKnownFileType = text.xcconfig; name = "Pods-PaymentWallTaskTests.release.xcconfig"; path = "Target Support Files/Pods-PaymentWallTaskTests/Pods-PaymentWallTaskTests.release.xcconfig"; sourceTree = "<group>"; };
		D3EC83E5387936E8CBC83EE3 /* Pods-PaymentWallTask-PaymentWallTaskUITests.release.xcconfig */ = {isa = PBXFileReference; includeInIndex = 1; lastKnownFileType = text.xcconfig; name = "Pods-PaymentWallTask-PaymentWallTaskUITests.release.xcconfig"; path = "Target Support Files/Pods-PaymentWallTask-PaymentWallTaskUITests/Pods-PaymentWallTask-PaymentWallTaskUITests.release.xcconfig"; sourceTree = "<group>"; };
		E56040F6FA1480D630A81014 /* Pods-PaymentWallTask-PaymentWallTaskUITests.debug.xcconfig */ = {isa = PBXFileReference; includeInIndex = 1; lastKnownFileType = text.xcconfig; name = "Pods-PaymentWallTask-PaymentWallTaskUITests.debug.xcconfig"; path = "Target Support Files/Pods-PaymentWallTask-PaymentWallTaskUITests/Pods-PaymentWallTask-PaymentWallTaskUITests.debug.xcconfig"; sourceTree = "<group>"; };
/* End PBXFileReference section */

/* Begin PBXFrameworksBuildPhase section */
		50982273249D15450020A5A5 /* Frameworks */ = {
			isa = PBXFrameworksBuildPhase;
			buildActionMask = 2147483647;
			files = (
				A0E03D4F941BD4364038E8C9 /* Pods_PaymentWallTask.framework in Frameworks */,
			);
			runOnlyForDeploymentPostprocessing = 0;
		};
		50982289249D154F0020A5A5 /* Frameworks */ = {
			isa = PBXFrameworksBuildPhase;
			buildActionMask = 2147483647;
			files = (
				9C7ED93E2A3A7FBACEE7BF71 /* Pods_PaymentWallTaskTests.framework in Frameworks */,
			);
			runOnlyForDeploymentPostprocessing = 0;
		};
		50982294249D154F0020A5A5 /* Frameworks */ = {
			isa = PBXFrameworksBuildPhase;
			buildActionMask = 2147483647;
			files = (
				FD785D7F59AC7A9883DF0926 /* Pods_PaymentWallTask_PaymentWallTaskUITests.framework in Frameworks */,
			);
			runOnlyForDeploymentPostprocessing = 0;
		};
/* End PBXFrameworksBuildPhase section */

/* Begin PBXGroup section */
		27E490F20B1A655324D3753C /* Pods */ = {
			isa = PBXGroup;
			children = (
				662B058A596B1AE5CD825D61 /* Pods-PaymentWallTask.debug.xcconfig */,
				B90A29F7E76E1813E0F3CF53 /* Pods-PaymentWallTask.release.xcconfig */,
				E56040F6FA1480D630A81014 /* Pods-PaymentWallTask-PaymentWallTaskUITests.debug.xcconfig */,
				D3EC83E5387936E8CBC83EE3 /* Pods-PaymentWallTask-PaymentWallTaskUITests.release.xcconfig */,
				C817DF64767C859A823617DD /* Pods-PaymentWallTaskTests.debug.xcconfig */,
				CAFE40AD8C31159141E46881 /* Pods-PaymentWallTaskTests.release.xcconfig */,
			);
			path = Pods;
			sourceTree = "<group>";
		};
		505A693224A12FB10010BE4A /* Login Module */ = {
			isa = PBXGroup;
			children = (
				505A693324A12FB10010BE4A /* ViewModel */,
				505A693524A12FB10010BE4A /* Contract */,
				505A693724A12FB10010BE4A /* Presenter */,
				505A693924A12FB10010BE4A /* ViewController */,
				505A693C24A12FB10010BE4A /* Interactor */,
				505A693E24A12FB10010BE4A /* Localization */,
				505A694024A12FB10010BE4A /* Router */,
			);
			path = "Login Module";
			sourceTree = "<group>";
		};
		505A693324A12FB10010BE4A /* ViewModel */ = {
			isa = PBXGroup;
			children = (
				505A693424A12FB10010BE4A /* LoginViewModel.swift */,
			);
			path = ViewModel;
			sourceTree = "<group>";
		};
		505A693524A12FB10010BE4A /* Contract */ = {
			isa = PBXGroup;
			children = (
				505A693624A12FB10010BE4A /* LoginContract.swift */,
			);
			path = Contract;
			sourceTree = "<group>";
		};
		505A693724A12FB10010BE4A /* Presenter */ = {
			isa = PBXGroup;
			children = (
				505A693824A12FB10010BE4A /* LoginPresenter.swift */,
			);
			path = Presenter;
			sourceTree = "<group>";
		};
		505A693924A12FB10010BE4A /* ViewController */ = {
			isa = PBXGroup;
			children = (
				505A693A24A12FB10010BE4A /* LoginViewController.xib */,
				505A693B24A12FB10010BE4A /* LoginViewController.swift */,
			);
			path = ViewController;
			sourceTree = "<group>";
		};
		505A693C24A12FB10010BE4A /* Interactor */ = {
			isa = PBXGroup;
			children = (
				505A693D24A12FB10010BE4A /* LoginInteractor.swift */,
			);
			path = Interactor;
			sourceTree = "<group>";
		};
		505A693E24A12FB10010BE4A /* Localization */ = {
			isa = PBXGroup;
			children = (
				505A693F24A12FB10010BE4A /* LoginLocalizatedStrings.swift */,
			);
			path = Localization;
			sourceTree = "<group>";
		};
		505A694024A12FB10010BE4A /* Router */ = {
			isa = PBXGroup;
			children = (
				505A694124A12FB10010BE4A /* LoginRouter.swift */,
			);
			path = Router;
			sourceTree = "<group>";
		};
		505A694A24A13B7D0010BE4A /* UIView+IBInspectable */ = {
			isa = PBXGroup;
			children = (
				505A694B24A13BA30010BE4A /* UIView+IBInspectable.swift */,
			);
			path = "UIView+IBInspectable";
			sourceTree = "<group>";
		};
		505A694D24A145CB0010BE4A /* UIViewController */ = {
			isa = PBXGroup;
			children = (
				505A694F24A146190010BE4A /* UIViewController+Keyboard.swift */,
				50D14E3124A244EF009B648A /* UIViewController+Alerts.swift */,
			);
			path = UIViewController;
			sourceTree = "<group>";
		};
		505A694E24A145DE0010BE4A /* UIView */ = {
			isa = PBXGroup;
			children = (
				505A694A24A13B7D0010BE4A /* UIView+IBInspectable */,
				509822C2249D22FF0020A5A5 /* UIView+Constraint */,
			);
			path = UIView;
			sourceTree = "<group>";
		};
		505A695124A153E90010BE4A /* Services */ = {
			isa = PBXGroup;
			children = (
				505D310024A2E362003D3B21 /* KeyChainService */,
				505D30FD24A2DFC3003D3B21 /* EncryptionService */,
				505A695824A155200010BE4A /* Database */,
			);
			path = Services;
			sourceTree = "<group>";
		};
		505A695224A153F30010BE4A /* UserDatabaseService */ = {
			isa = PBXGroup;
			children = (
				505A695324A154110010BE4A /* UserDatabaseService.swift */,
			);
			path = UserDatabaseService;
			sourceTree = "<group>";
		};
		505A695524A1546D0010BE4A /* Realm */ = {
			isa = PBXGroup;
			children = (
				505A695624A154830010BE4A /* Realm+Extensions.swift */,
			);
			path = Realm;
			sourceTree = "<group>";
		};
		505A695824A155200010BE4A /* Database */ = {
			isa = PBXGroup;
			children = (
				505A695924A1552B0010BE4A /* Entities */,
				505A695224A153F30010BE4A /* UserDatabaseService */,
			);
			path = Database;
			sourceTree = "<group>";
		};
		505A695924A1552B0010BE4A /* Entities */ = {
			isa = PBXGroup;
			children = (
				505A695A24A155410010BE4A /* UserEntity.swift */,
				505D30EE24A2C6F5003D3B21 /* TransactionEntity.swift */,
			);
			path = Entities;
			sourceTree = "<group>";
		};
		505A695E24A164930010BE4A /* HomeModule */ = {
			isa = PBXGroup;
			children = (
				505A695F24A164930010BE4A /* ViewModel */,
				505A696124A164930010BE4A /* Contract */,
				505A696324A164930010BE4A /* Presenter */,
				505A696524A164930010BE4A /* ViewController */,
				505A696824A164930010BE4A /* Interactor */,
				505A696A24A164930010BE4A /* Localization */,
				505A696C24A164930010BE4A /* Router */,
			);
			path = HomeModule;
			sourceTree = "<group>";
		};
		505A695F24A164930010BE4A /* ViewModel */ = {
			isa = PBXGroup;
			children = (
				505A696024A164930010BE4A /* HomeViewModel.swift */,
				505A69C424A17DD80010BE4A /* HomeImages.swift */,
			);
			path = ViewModel;
			sourceTree = "<group>";
		};
		505A696124A164930010BE4A /* Contract */ = {
			isa = PBXGroup;
			children = (
				505A696224A164930010BE4A /* HomeContract.swift */,
			);
			path = Contract;
			sourceTree = "<group>";
		};
		505A696324A164930010BE4A /* Presenter */ = {
			isa = PBXGroup;
			children = (
				505A696424A164930010BE4A /* HomePresenter.swift */,
			);
			path = Presenter;
			sourceTree = "<group>";
		};
		505A696524A164930010BE4A /* ViewController */ = {
			isa = PBXGroup;
			children = (
				505A696624A164930010BE4A /* HomeViewController.xib */,
				505A696724A164930010BE4A /* HomeViewController.swift */,
			);
			path = ViewController;
			sourceTree = "<group>";
		};
		505A696824A164930010BE4A /* Interactor */ = {
			isa = PBXGroup;
			children = (
				505A696924A164930010BE4A /* HomeInteractor.swift */,
			);
			path = Interactor;
			sourceTree = "<group>";
		};
		505A696A24A164930010BE4A /* Localization */ = {
			isa = PBXGroup;
			children = (
				505A696B24A164930010BE4A /* HomeLocalizatedStrings.swift */,
			);
			path = Localization;
			sourceTree = "<group>";
		};
		505A696C24A164930010BE4A /* Router */ = {
			isa = PBXGroup;
			children = (
				505A696D24A164930010BE4A /* HomeRouter.swift */,
			);
			path = Router;
			sourceTree = "<group>";
		};
		505A697824A167D20010BE4A /* WalletTransactionsModule */ = {
			isa = PBXGroup;
			children = (
				505A697924A167D20010BE4A /* ViewModel */,
				505A697B24A167D20010BE4A /* Contract */,
				505A697D24A167D20010BE4A /* Presenter */,
				505B986624A20351002B3752 /* View */,
				505A698224A167D20010BE4A /* Interactor */,
				505A698424A167D20010BE4A /* Localization */,
				505A698624A167D20010BE4A /* Router */,
			);
			path = WalletTransactionsModule;
			sourceTree = "<group>";
		};
		505A697924A167D20010BE4A /* ViewModel */ = {
			isa = PBXGroup;
			children = (
				505A697A24A167D20010BE4A /* WalletTransactionsViewModel.swift */,
			);
			path = ViewModel;
			sourceTree = "<group>";
		};
		505A697B24A167D20010BE4A /* Contract */ = {
			isa = PBXGroup;
			children = (
				505A697C24A167D20010BE4A /* WalletTransactionsContract.swift */,
			);
			path = Contract;
			sourceTree = "<group>";
		};
		505A697D24A167D20010BE4A /* Presenter */ = {
			isa = PBXGroup;
			children = (
				505A697E24A167D20010BE4A /* WalletTransactionsPresenter.swift */,
			);
			path = Presenter;
			sourceTree = "<group>";
		};
		505A697F24A167D20010BE4A /* ViewController */ = {
			isa = PBXGroup;
			children = (
				505A698024A167D20010BE4A /* WalletTransactionsViewController.xib */,
				505A698124A167D20010BE4A /* WalletTransactionsViewController.swift */,
			);
			path = ViewController;
			sourceTree = "<group>";
		};
		505A698224A167D20010BE4A /* Interactor */ = {
			isa = PBXGroup;
			children = (
				505A698324A167D20010BE4A /* WalletTransactionsInteractor.swift */,
			);
			path = Interactor;
			sourceTree = "<group>";
		};
		505A698424A167D20010BE4A /* Localization */ = {
			isa = PBXGroup;
			children = (
				505A698524A167D20010BE4A /* WalletTransactionsLocalizatedStrings.swift */,
			);
			path = Localization;
			sourceTree = "<group>";
		};
		505A698624A167D20010BE4A /* Router */ = {
			isa = PBXGroup;
			children = (
				505A698724A167D20010BE4A /* WalletTransactionsRouter.swift */,
			);
			path = Router;
			sourceTree = "<group>";
		};
		505A699224A169170010BE4A /* QRCodeScannerModule */ = {
			isa = PBXGroup;
			children = (
				505A699324A169170010BE4A /* ViewModel */,
				505A699524A169170010BE4A /* Contract */,
				505A699724A169170010BE4A /* Presenter */,
				50D14E3324A25149009B648A /* View */,
				505A699C24A169170010BE4A /* Interactor */,
				505A699E24A169170010BE4A /* Localization */,
				505A69A024A169170010BE4A /* Router */,
			);
			path = QRCodeScannerModule;
			sourceTree = "<group>";
		};
		505A699324A169170010BE4A /* ViewModel */ = {
			isa = PBXGroup;
			children = (
				505A699424A169170010BE4A /* QRCodeScannerViewModel.swift */,
			);
			path = ViewModel;
			sourceTree = "<group>";
		};
		505A699524A169170010BE4A /* Contract */ = {
			isa = PBXGroup;
			children = (
				505A699624A169170010BE4A /* QRCodeScannerContract.swift */,
			);
			path = Contract;
			sourceTree = "<group>";
		};
		505A699724A169170010BE4A /* Presenter */ = {
			isa = PBXGroup;
			children = (
				505A699824A169170010BE4A /* QRCodeScannerPresenter.swift */,
			);
			path = Presenter;
			sourceTree = "<group>";
		};
		505A699924A169170010BE4A /* ViewController */ = {
			isa = PBXGroup;
			children = (
				505A699A24A169170010BE4A /* QRCodeScannerViewController.xib */,
				505A699B24A169170010BE4A /* QRCodeScannerViewController.swift */,
			);
			path = ViewController;
			sourceTree = "<group>";
		};
		505A699C24A169170010BE4A /* Interactor */ = {
			isa = PBXGroup;
			children = (
				505A699D24A169170010BE4A /* QRCodeScannerInteractor.swift */,
			);
			path = Interactor;
			sourceTree = "<group>";
		};
		505A699E24A169170010BE4A /* Localization */ = {
			isa = PBXGroup;
			children = (
				505A699F24A169170010BE4A /* QRCodeScannerLocalizatedStrings.swift */,
			);
			path = Localization;
			sourceTree = "<group>";
		};
		505A69A024A169170010BE4A /* Router */ = {
			isa = PBXGroup;
			children = (
				505A69A124A169170010BE4A /* QRCodeScannerRouter.swift */,
			);
			path = Router;
			sourceTree = "<group>";
		};
		505A69AC24A169A50010BE4A /* ProfileModule */ = {
			isa = PBXGroup;
			children = (
				505A69AD24A169A50010BE4A /* ViewModel */,
				505A69AF24A169A50010BE4A /* Contract */,
				505A69B124A169A50010BE4A /* Presenter */,
				505A69B324A169A50010BE4A /* ViewController */,
				505A69B624A169A50010BE4A /* Interactor */,
				505A69B824A169A50010BE4A /* Localization */,
				505A69BA24A169A50010BE4A /* Router */,
			);
			path = ProfileModule;
			sourceTree = "<group>";
		};
		505A69AD24A169A50010BE4A /* ViewModel */ = {
			isa = PBXGroup;
			children = (
				505A69AE24A169A50010BE4A /* ProfileViewModel.swift */,
			);
			path = ViewModel;
			sourceTree = "<group>";
		};
		505A69AF24A169A50010BE4A /* Contract */ = {
			isa = PBXGroup;
			children = (
				505A69B024A169A50010BE4A /* ProfileContract.swift */,
			);
			path = Contract;
			sourceTree = "<group>";
		};
		505A69B124A169A50010BE4A /* Presenter */ = {
			isa = PBXGroup;
			children = (
				505A69B224A169A50010BE4A /* ProfilePresenter.swift */,
			);
			path = Presenter;
			sourceTree = "<group>";
		};
		505A69B324A169A50010BE4A /* ViewController */ = {
			isa = PBXGroup;
			children = (
				505A69B424A169A50010BE4A /* ProfileViewController.xib */,
				505A69B524A169A50010BE4A /* ProfileViewController.swift */,
			);
			path = ViewController;
			sourceTree = "<group>";
		};
		505A69B624A169A50010BE4A /* Interactor */ = {
			isa = PBXGroup;
			children = (
				505A69B724A169A50010BE4A /* ProfileInteractor.swift */,
			);
			path = Interactor;
			sourceTree = "<group>";
		};
		505A69B824A169A50010BE4A /* Localization */ = {
			isa = PBXGroup;
			children = (
				505A69B924A169A50010BE4A /* ProfileLocalizatedStrings.swift */,
			);
			path = Localization;
			sourceTree = "<group>";
		};
		505A69BA24A169A50010BE4A /* Router */ = {
			isa = PBXGroup;
			children = (
				505A69BB24A169A50010BE4A /* ProfileRouter.swift */,
			);
			path = Router;
			sourceTree = "<group>";
		};
		505A69C824A182CF0010BE4A /* UIColor */ = {
			isa = PBXGroup;
			children = (
				505A69C924A182EA0010BE4A /* UIColor+Extension.swift */,
			);
			path = UIColor;
			sourceTree = "<group>";
		};
		505B986624A20351002B3752 /* View */ = {
			isa = PBXGroup;
			children = (
				505B986724A2035F002B3752 /* SubViews */,
				505A697F24A167D20010BE4A /* ViewController */,
			);
			path = View;
			sourceTree = "<group>";
		};
		505B986724A2035F002B3752 /* SubViews */ = {
			isa = PBXGroup;
			children = (
				50F7295024A2247300C719B0 /* WalletHeaderView */,
				50F7294A24A20C9E00C719B0 /* TableViewHeader */,
				50F7294524A204B900C719B0 /* Cell */,
			);
			path = SubViews;
			sourceTree = "<group>";
		};
		505D30CE24A256D1003D3B21 /* PaymentModule */ = {
			isa = PBXGroup;
			children = (
				505D30CF24A256D1003D3B21 /* ViewModel */,
				505D30D124A256D1003D3B21 /* Contract */,
				505D30D324A256D1003D3B21 /* Presenter */,
				505D30E624A264B6003D3B21 /* View */,
				505D30D824A256D1003D3B21 /* Interactor */,
				505D30DA24A256D1003D3B21 /* Localization */,
				505D30DC24A256D1003D3B21 /* Router */,
			);
			path = PaymentModule;
			sourceTree = "<group>";
		};
		505D30CF24A256D1003D3B21 /* ViewModel */ = {
			isa = PBXGroup;
			children = (
				505D30D024A256D1003D3B21 /* PaymentViewModel.swift */,
			);
			path = ViewModel;
			sourceTree = "<group>";
		};
		505D30D124A256D1003D3B21 /* Contract */ = {
			isa = PBXGroup;
			children = (
				505D30D224A256D1003D3B21 /* PaymentContract.swift */,
			);
			path = Contract;
			sourceTree = "<group>";
		};
		505D30D324A256D1003D3B21 /* Presenter */ = {
			isa = PBXGroup;
			children = (
				505D30D424A256D1003D3B21 /* PaymentPresenter.swift */,
			);
			path = Presenter;
			sourceTree = "<group>";
		};
		505D30D524A256D1003D3B21 /* ViewController */ = {
			isa = PBXGroup;
			children = (
				505D30D624A256D1003D3B21 /* PaymentViewController.xib */,
				505D30D724A256D1003D3B21 /* PaymentViewController.swift */,
			);
			path = ViewController;
			sourceTree = "<group>";
		};
		505D30D824A256D1003D3B21 /* Interactor */ = {
			isa = PBXGroup;
			children = (
				505D30D924A256D1003D3B21 /* PaymentInteractor.swift */,
			);
			path = Interactor;
			sourceTree = "<group>";
		};
		505D30DA24A256D1003D3B21 /* Localization */ = {
			isa = PBXGroup;
			children = (
				505D30DB24A256D1003D3B21 /* PaymentLocalizatedStrings.swift */,
			);
			path = Localization;
			sourceTree = "<group>";
		};
		505D30DC24A256D1003D3B21 /* Router */ = {
			isa = PBXGroup;
			children = (
				505D30DD24A256D1003D3B21 /* PaymentRouter.swift */,
			);
			path = Router;
			sourceTree = "<group>";
		};
		505D30E624A264B6003D3B21 /* View */ = {
			isa = PBXGroup;
			children = (
				505D30E724A2A8EA003D3B21 /* SubViews */,
				505D30D524A256D1003D3B21 /* ViewController */,
			);
			path = View;
			sourceTree = "<group>";
		};
		505D30E724A2A8EA003D3B21 /* SubViews */ = {
			isa = PBXGroup;
			children = (
				505D30E824A2A919003D3B21 /* PaymentSuccessedView.swift */,
				505D30E924A2A919003D3B21 /* PaymentSuccessedView.xib */,
			);
			path = SubViews;
			sourceTree = "<group>";
		};
		505D30F024A2CBBF003D3B21 /* Models */ = {
			isa = PBXGroup;
			children = (
				505D30F124A2CBE2003D3B21 /* Transaction.swift */,
				505D30F324A2CBFA003D3B21 /* Currency.swift */,
				505D30F524A2CC3B003D3B21 /* User.swift */,
			);
			path = Models;
			sourceTree = "<group>";
		};
		505D30F724A2DA31003D3B21 /* Protocols */ = {
			isa = PBXGroup;
			children = (
				505D30F824A2DA47003D3B21 /* UserInfoProtocol.swift */,
			);
			path = Protocols;
			sourceTree = "<group>";
		};
		505D30FA24A2DD4C003D3B21 /* Error */ = {
			isa = PBXGroup;
			children = (
				505D30FB24A2DD6B003D3B21 /* StandardError.swift */,
			);
			path = Error;
			sourceTree = "<group>";
		};
		505D30FD24A2DFC3003D3B21 /* EncryptionService */ = {
			isa = PBXGroup;
			children = (
				505D30FE24A2DFEC003D3B21 /* EncryptionService.swift */,
			);
			path = EncryptionService;
			sourceTree = "<group>";
		};
		505D310024A2E362003D3B21 /* KeyChainService */ = {
			isa = PBXGroup;
			children = (
				505D310124A2E378003D3B21 /* KeyChainService.swift */,
			);
			path = KeyChainService;
			sourceTree = "<group>";
		};
		505D310324A2E5CF003D3B21 /* Data */ = {
			isa = PBXGroup;
			children = (
				505D310424A2E5DF003D3B21 /* Data+Extension.swift */,
			);
			path = Data;
			sourceTree = "<group>";
		};
		5098226D249D15450020A5A5 = {
			isa = PBXGroup;
			children = (
				50982278249D15450020A5A5 /* PaymentWallTask */,
				5098228F249D154F0020A5A5 /* PaymentWallTaskTests */,
				5098229A249D154F0020A5A5 /* PaymentWallTaskUITests */,
				50982277249D15450020A5A5 /* Products */,
				27E490F20B1A655324D3753C /* Pods */,
				F46AC0965E4D4814A385E68E /* Frameworks */,
			);
			sourceTree = "<group>";
		};
		50982277249D15450020A5A5 /* Products */ = {
			isa = PBXGroup;
			children = (
				50982276249D15450020A5A5 /* PaymentWallTask.app */,
				5098228C249D154F0020A5A5 /* PaymentWallTaskTests.xctest */,
				50982297249D154F0020A5A5 /* PaymentWallTaskUITests.xctest */,
			);
			name = Products;
			sourceTree = "<group>";
		};
		50982278249D15450020A5A5 /* PaymentWallTask */ = {
			isa = PBXGroup;
			children = (
				509822C0249D22EC0020A5A5 /* Core */,
				509822A9249D16E60020A5A5 /* Resources */,
				509822AD249D17E70020A5A5 /* Modules */,
			);
			path = PaymentWallTask;
			sourceTree = "<group>";
		};
		5098228F249D154F0020A5A5 /* PaymentWallTaskTests */ = {
			isa = PBXGroup;
			children = (
				50982290249D154F0020A5A5 /* PaymentWallTaskTests.swift */,
				50982292249D154F0020A5A5 /* Info.plist */,
			);
			path = PaymentWallTaskTests;
			sourceTree = "<group>";
		};
		5098229A249D154F0020A5A5 /* PaymentWallTaskUITests */ = {
			isa = PBXGroup;
			children = (
				5098229B249D154F0020A5A5 /* PaymentWallTaskUITests.swift */,
				5098229D249D154F0020A5A5 /* Info.plist */,
			);
			path = PaymentWallTaskUITests;
			sourceTree = "<group>";
		};
		509822A9249D16E60020A5A5 /* Resources */ = {
			isa = PBXGroup;
			children = (
				509822AC249D17C30020A5A5 /* StoryBoard */,
				509822AB249D170B0020A5A5 /* Images */,
				509822AA249D16F00020A5A5 /* Plist */,
			);
			path = Resources;
			sourceTree = "<group>";
		};
		509822AA249D16F00020A5A5 /* Plist */ = {
			isa = PBXGroup;
			children = (
				50982287249D154F0020A5A5 /* Info.plist */,
			);
			path = Plist;
			sourceTree = "<group>";
		};
		509822AB249D170B0020A5A5 /* Images */ = {
			isa = PBXGroup;
			children = (
				50982282249D154F0020A5A5 /* Assets.xcassets */,
			);
			path = Images;
			sourceTree = "<group>";
		};
		509822AC249D17C30020A5A5 /* StoryBoard */ = {
			isa = PBXGroup;
			children = (
				509822C5249D25500020A5A5 /* LaunchScreen.storyboard */,
			);
			path = StoryBoard;
			sourceTree = "<group>";
		};
		509822AD249D17E70020A5A5 /* Modules */ = {
			isa = PBXGroup;
			children = (
				505D30CE24A256D1003D3B21 /* PaymentModule */,
				505A69AC24A169A50010BE4A /* ProfileModule */,
				505A699224A169170010BE4A /* QRCodeScannerModule */,
				505A697824A167D20010BE4A /* WalletTransactionsModule */,
				505A695E24A164930010BE4A /* HomeModule */,
				505A693224A12FB10010BE4A /* Login Module */,
				509822AE249D17F30020A5A5 /* Root Module */,
			);
			path = Modules;
			sourceTree = "<group>";
		};
		509822AE249D17F30020A5A5 /* Root Module */ = {
			isa = PBXGroup;
			children = (
				509822B3249D18730020A5A5 /* Contract */,
				509822B0249D18150020A5A5 /* Router */,
				509822AF249D18090020A5A5 /* AppDelegate */,
			);
			path = "Root Module";
			sourceTree = "<group>";
		};
		509822AF249D18090020A5A5 /* AppDelegate */ = {
			isa = PBXGroup;
			children = (
				50982279249D15450020A5A5 /* AppDelegate.swift */,
			);
			path = AppDelegate;
			sourceTree = "<group>";
		};
		509822B0249D18150020A5A5 /* Router */ = {
			isa = PBXGroup;
			children = (
				509822B1249D182C0020A5A5 /* RootRouter.swift */,
			);
			path = Router;
			sourceTree = "<group>";
		};
		509822B3249D18730020A5A5 /* Contract */ = {
			isa = PBXGroup;
			children = (
				509822B4249D18830020A5A5 /* RootContract.swift */,
			);
			path = Contract;
			sourceTree = "<group>";
		};
		509822C0249D22EC0020A5A5 /* Core */ = {
			isa = PBXGroup;
			children = (
				505D30FA24A2DD4C003D3B21 /* Error */,
				505D30F724A2DA31003D3B21 /* Protocols */,
				505D30F024A2CBBF003D3B21 /* Models */,
				505A695124A153E90010BE4A /* Services */,
				509822C1249D22F60020A5A5 /* Extensions */,
			);
			path = Core;
			sourceTree = "<group>";
		};
		509822C1249D22F60020A5A5 /* Extensions */ = {
			isa = PBXGroup;
			children = (
				505D310324A2E5CF003D3B21 /* Data */,
				505A69C824A182CF0010BE4A /* UIColor */,
				505A695524A1546D0010BE4A /* Realm */,
				505A694D24A145CB0010BE4A /* UIViewController */,
				505A694E24A145DE0010BE4A /* UIView */,
			);
			path = Extensions;
			sourceTree = "<group>";
		};
		509822C2249D22FF0020A5A5 /* UIView+Constraint */ = {
			isa = PBXGroup;
			children = (
				509822C3249D23130020A5A5 /* UIView+Constraints.swift */,
			);
			path = "UIView+Constraint";
			sourceTree = "<group>";
		};
		50D14E3324A25149009B648A /* View */ = {
			isa = PBXGroup;
			children = (
				505A699924A169170010BE4A /* ViewController */,
			);
			path = View;
			sourceTree = "<group>";
		};
		50F7294524A204B900C719B0 /* Cell */ = {
			isa = PBXGroup;
			children = (
				50F7294624A204DF00C719B0 /* TransactionCell.swift */,
				50F7294724A204DF00C719B0 /* TransactionCell.xib */,
			);
			path = Cell;
			sourceTree = "<group>";
		};
		50F7294A24A20C9E00C719B0 /* TableViewHeader */ = {
			isa = PBXGroup;
			children = (
				50F7294B24A20CC900C719B0 /* TransactionTableViewHeaderView.swift */,
			);
			path = TableViewHeader;
			sourceTree = "<group>";
		};
		50F7295024A2247300C719B0 /* WalletHeaderView */ = {
			isa = PBXGroup;
			children = (
				50F7295124A224A900C719B0 /* WalletHeaderView.swift */,
				50F7295224A224A900C719B0 /* WalletHeaderView.xib */,
			);
			path = WalletHeaderView;
			sourceTree = "<group>";
		};
		F46AC0965E4D4814A385E68E /* Frameworks */ = {
			isa = PBXGroup;
			children = (
				023E13161C7E88ED8CE1A264 /* Pods_PaymentWallTask.framework */,
				1F983F305D95765C14070ABC /* Pods_PaymentWallTask_PaymentWallTaskUITests.framework */,
				4520F7FD206FFFF7C7EE9F53 /* Pods_PaymentWallTaskTests.framework */,
			);
			name = Frameworks;
			sourceTree = "<group>";
		};
/* End PBXGroup section */

/* Begin PBXNativeTarget section */
		50982275249D15450020A5A5 /* PaymentWallTask */ = {
			isa = PBXNativeTarget;
			buildConfigurationList = 509822A0249D154F0020A5A5 /* Build configuration list for PBXNativeTarget "PaymentWallTask" */;
			buildPhases = (
				949D211A22A816A7939396E3 /* [CP] Check Pods Manifest.lock */,
				50982272249D15450020A5A5 /* Sources */,
				50982273249D15450020A5A5 /* Frameworks */,
				50982274249D15450020A5A5 /* Resources */,
				7D1802E585A3B47ED1A6C7BA /* [CP] Embed Pods Frameworks */,
			);
			buildRules = (
			);
			dependencies = (
			);
			name = PaymentWallTask;
			productName = PaymentWallTask;
			productReference = 50982276249D15450020A5A5 /* PaymentWallTask.app */;
			productType = "com.apple.product-type.application";
		};
		5098228B249D154F0020A5A5 /* PaymentWallTaskTests */ = {
			isa = PBXNativeTarget;
			buildConfigurationList = 509822A3249D154F0020A5A5 /* Build configuration list for PBXNativeTarget "PaymentWallTaskTests" */;
			buildPhases = (
				516AE495526A7F69965FAEE2 /* [CP] Check Pods Manifest.lock */,
				50982288249D154F0020A5A5 /* Sources */,
				50982289249D154F0020A5A5 /* Frameworks */,
				5098228A249D154F0020A5A5 /* Resources */,
			);
			buildRules = (
			);
			dependencies = (
				5098228E249D154F0020A5A5 /* PBXTargetDependency */,
			);
			name = PaymentWallTaskTests;
			productName = PaymentWallTaskTests;
			productReference = 5098228C249D154F0020A5A5 /* PaymentWallTaskTests.xctest */;
			productType = "com.apple.product-type.bundle.unit-test";
		};
		50982296249D154F0020A5A5 /* PaymentWallTaskUITests */ = {
			isa = PBXNativeTarget;
			buildConfigurationList = 509822A6249D154F0020A5A5 /* Build configuration list for PBXNativeTarget "PaymentWallTaskUITests" */;
			buildPhases = (
				C056D46E41ABDA972FA263FF /* [CP] Check Pods Manifest.lock */,
				50982293249D154F0020A5A5 /* Sources */,
				50982294249D154F0020A5A5 /* Frameworks */,
				50982295249D154F0020A5A5 /* Resources */,
				5F60327FB73267B7A6CAF97C /* [CP] Embed Pods Frameworks */,
			);
			buildRules = (
			);
			dependencies = (
				50982299249D154F0020A5A5 /* PBXTargetDependency */,
			);
			name = PaymentWallTaskUITests;
			productName = PaymentWallTaskUITests;
			productReference = 50982297249D154F0020A5A5 /* PaymentWallTaskUITests.xctest */;
			productType = "com.apple.product-type.bundle.ui-testing";
		};
/* End PBXNativeTarget section */

/* Begin PBXProject section */
		5098226E249D15450020A5A5 /* Project object */ = {
			isa = PBXProject;
			attributes = {
				LastSwiftUpdateCheck = 1140;
				LastUpgradeCheck = 1140;
				ORGANIZATIONNAME = sameh;
				TargetAttributes = {
					50982275249D15450020A5A5 = {
						CreatedOnToolsVersion = 11.4.1;
					};
					5098228B249D154F0020A5A5 = {
						CreatedOnToolsVersion = 11.4.1;
						TestTargetID = 50982275249D15450020A5A5;
					};
					50982296249D154F0020A5A5 = {
						CreatedOnToolsVersion = 11.4.1;
						TestTargetID = 50982275249D15450020A5A5;
					};
				};
			};
			buildConfigurationList = 50982271249D15450020A5A5 /* Build configuration list for PBXProject "PaymentWallTask" */;
			compatibilityVersion = "Xcode 9.3";
			developmentRegion = en;
			hasScannedForEncodings = 0;
			knownRegions = (
				en,
				Base,
			);
			mainGroup = 5098226D249D15450020A5A5;
			productRefGroup = 50982277249D15450020A5A5 /* Products */;
			projectDirPath = "";
			projectRoot = "";
			targets = (
				50982275249D15450020A5A5 /* PaymentWallTask */,
				5098228B249D154F0020A5A5 /* PaymentWallTaskTests */,
				50982296249D154F0020A5A5 /* PaymentWallTaskUITests */,
			);
		};
/* End PBXProject section */

/* Begin PBXResourcesBuildPhase section */
		50982274249D15450020A5A5 /* Resources */ = {
			isa = PBXResourcesBuildPhase;
			buildActionMask = 2147483647;
			files = (
				505D30EB24A2A919003D3B21 /* PaymentSuccessedView.xib in Resources */,
				505A69BF24A169A50010BE4A /* ProfileViewController.xib in Resources */,
				50F7295424A224A900C719B0 /* WalletHeaderView.xib in Resources */,
				505A698B24A167D20010BE4A /* WalletTransactionsViewController.xib in Resources */,
				505D30E124A256D1003D3B21 /* PaymentViewController.xib in Resources */,
				50F7294924A204DF00C719B0 /* TransactionCell.xib in Resources */,
				509822B9249D1A880020A5A5 /* Assets.xcassets in Resources */,
				509822C7249D25500020A5A5 /* LaunchScreen.storyboard in Resources */,
				505A69A524A169170010BE4A /* QRCodeScannerViewController.xib in Resources */,
				505A694524A12FB10010BE4A /* LoginViewController.xib in Resources */,
				505A697124A164930010BE4A /* HomeViewController.xib in Resources */,
			);
			runOnlyForDeploymentPostprocessing = 0;
		};
		5098228A249D154F0020A5A5 /* Resources */ = {
			isa = PBXResourcesBuildPhase;
			buildActionMask = 2147483647;
			files = (
			);
			runOnlyForDeploymentPostprocessing = 0;
		};
		50982295249D154F0020A5A5 /* Resources */ = {
			isa = PBXResourcesBuildPhase;
			buildActionMask = 2147483647;
			files = (
			);
			runOnlyForDeploymentPostprocessing = 0;
		};
/* End PBXResourcesBuildPhase section */

/* Begin PBXShellScriptBuildPhase section */
		516AE495526A7F69965FAEE2 /* [CP] Check Pods Manifest.lock */ = {
			isa = PBXShellScriptBuildPhase;
			buildActionMask = 2147483647;
			files = (
			);
			inputFileListPaths = (
			);
			inputPaths = (
				"${PODS_PODFILE_DIR_PATH}/Podfile.lock",
				"${PODS_ROOT}/Manifest.lock",
			);
			name = "[CP] Check Pods Manifest.lock";
			outputFileListPaths = (
			);
			outputPaths = (
				"$(DERIVED_FILE_DIR)/Pods-PaymentWallTaskTests-checkManifestLockResult.txt",
			);
			runOnlyForDeploymentPostprocessing = 0;
			shellPath = /bin/sh;
			shellScript = "diff \"${PODS_PODFILE_DIR_PATH}/Podfile.lock\" \"${PODS_ROOT}/Manifest.lock\" > /dev/null\nif [ $? != 0 ] ; then\n    # print error to STDERR\n    echo \"error: The sandbox is not in sync with the Podfile.lock. Run 'pod install' or update your CocoaPods installation.\" >&2\n    exit 1\nfi\n# This output is used by Xcode 'outputs' to avoid re-running this script phase.\necho \"SUCCESS\" > \"${SCRIPT_OUTPUT_FILE_0}\"\n";
			showEnvVarsInLog = 0;
		};
		5F60327FB73267B7A6CAF97C /* [CP] Embed Pods Frameworks */ = {
			isa = PBXShellScriptBuildPhase;
			buildActionMask = 2147483647;
			files = (
			);
			inputFileListPaths = (
				"${PODS_ROOT}/Target Support Files/Pods-PaymentWallTask-PaymentWallTaskUITests/Pods-PaymentWallTask-PaymentWallTaskUITests-frameworks-${CONFIGURATION}-input-files.xcfilelist",
			);
			name = "[CP] Embed Pods Frameworks";
			outputFileListPaths = (
				"${PODS_ROOT}/Target Support Files/Pods-PaymentWallTask-PaymentWallTaskUITests/Pods-PaymentWallTask-PaymentWallTaskUITests-frameworks-${CONFIGURATION}-output-files.xcfilelist",
			);
			runOnlyForDeploymentPostprocessing = 0;
			shellPath = /bin/sh;
			shellScript = "\"${PODS_ROOT}/Target Support Files/Pods-PaymentWallTask-PaymentWallTaskUITests/Pods-PaymentWallTask-PaymentWallTaskUITests-frameworks.sh\"\n";
			showEnvVarsInLog = 0;
		};
		7D1802E585A3B47ED1A6C7BA /* [CP] Embed Pods Frameworks */ = {
			isa = PBXShellScriptBuildPhase;
			buildActionMask = 2147483647;
			files = (
			);
			inputFileListPaths = (
				"${PODS_ROOT}/Target Support Files/Pods-PaymentWallTask/Pods-PaymentWallTask-frameworks-${CONFIGURATION}-input-files.xcfilelist",
			);
			name = "[CP] Embed Pods Frameworks";
			outputFileListPaths = (
				"${PODS_ROOT}/Target Support Files/Pods-PaymentWallTask/Pods-PaymentWallTask-frameworks-${CONFIGURATION}-output-files.xcfilelist",
			);
			runOnlyForDeploymentPostprocessing = 0;
			shellPath = /bin/sh;
			shellScript = "\"${PODS_ROOT}/Target Support Files/Pods-PaymentWallTask/Pods-PaymentWallTask-frameworks.sh\"\n";
			showEnvVarsInLog = 0;
		};
		949D211A22A816A7939396E3 /* [CP] Check Pods Manifest.lock */ = {
			isa = PBXShellScriptBuildPhase;
			buildActionMask = 2147483647;
			files = (
			);
			inputFileListPaths = (
			);
			inputPaths = (
				"${PODS_PODFILE_DIR_PATH}/Podfile.lock",
				"${PODS_ROOT}/Manifest.lock",
			);
			name = "[CP] Check Pods Manifest.lock";
			outputFileListPaths = (
			);
			outputPaths = (
				"$(DERIVED_FILE_DIR)/Pods-PaymentWallTask-checkManifestLockResult.txt",
			);
			runOnlyForDeploymentPostprocessing = 0;
			shellPath = /bin/sh;
			shellScript = "diff \"${PODS_PODFILE_DIR_PATH}/Podfile.lock\" \"${PODS_ROOT}/Manifest.lock\" > /dev/null\nif [ $? != 0 ] ; then\n    # print error to STDERR\n    echo \"error: The sandbox is not in sync with the Podfile.lock. Run 'pod install' or update your CocoaPods installation.\" >&2\n    exit 1\nfi\n# This output is used by Xcode 'outputs' to avoid re-running this script phase.\necho \"SUCCESS\" > \"${SCRIPT_OUTPUT_FILE_0}\"\n";
			showEnvVarsInLog = 0;
		};
		C056D46E41ABDA972FA263FF /* [CP] Check Pods Manifest.lock */ = {
			isa = PBXShellScriptBuildPhase;
			buildActionMask = 2147483647;
			files = (
			);
			inputFileListPaths = (
			);
			inputPaths = (
				"${PODS_PODFILE_DIR_PATH}/Podfile.lock",
				"${PODS_ROOT}/Manifest.lock",
			);
			name = "[CP] Check Pods Manifest.lock";
			outputFileListPaths = (
			);
			outputPaths = (
				"$(DERIVED_FILE_DIR)/Pods-PaymentWallTask-PaymentWallTaskUITests-checkManifestLockResult.txt",
			);
			runOnlyForDeploymentPostprocessing = 0;
			shellPath = /bin/sh;
			shellScript = "diff \"${PODS_PODFILE_DIR_PATH}/Podfile.lock\" \"${PODS_ROOT}/Manifest.lock\" > /dev/null\nif [ $? != 0 ] ; then\n    # print error to STDERR\n    echo \"error: The sandbox is not in sync with the Podfile.lock. Run 'pod install' or update your CocoaPods installation.\" >&2\n    exit 1\nfi\n# This output is used by Xcode 'outputs' to avoid re-running this script phase.\necho \"SUCCESS\" > \"${SCRIPT_OUTPUT_FILE_0}\"\n";
			showEnvVarsInLog = 0;
		};
/* End PBXShellScriptBuildPhase section */

/* Begin PBXSourcesBuildPhase section */
		50982272249D15450020A5A5 /* Sources */ = {
			isa = PBXSourcesBuildPhase;
			buildActionMask = 2147483647;
			files = (
				505A698F24A167D20010BE4A /* WalletTransactionsRouter.swift in Sources */,
				505A696F24A164930010BE4A /* HomeContract.swift in Sources */,
				505D310524A2E5DF003D3B21 /* Data+Extension.swift in Sources */,
				505A696E24A164930010BE4A /* HomeViewModel.swift in Sources */,
				509822B2249D182C0020A5A5 /* RootRouter.swift in Sources */,
				505D30F624A2CC3B003D3B21 /* User.swift in Sources */,
				505A695024A146190010BE4A /* UIViewController+Keyboard.swift in Sources */,
				505A694324A12FB10010BE4A /* LoginContract.swift in Sources */,
				505D30E424A256D1003D3B21 /* PaymentLocalizatedStrings.swift in Sources */,
				505A698C24A167D20010BE4A /* WalletTransactionsViewController.swift in Sources */,
				505A69A624A169170010BE4A /* QRCodeScannerViewController.swift in Sources */,
				505A694424A12FB10010BE4A /* LoginPresenter.swift in Sources */,
				505A698824A167D20010BE4A /* WalletTransactionsViewModel.swift in Sources */,
				505A697424A164930010BE4A /* HomeLocalizatedStrings.swift in Sources */,
				505A69A224A169170010BE4A /* QRCodeScannerViewModel.swift in Sources */,
				505A697324A164930010BE4A /* HomeInteractor.swift in Sources */,
				505D30FF24A2DFEC003D3B21 /* EncryptionService.swift in Sources */,
				505D30F924A2DA47003D3B21 /* UserInfoProtocol.swift in Sources */,
				505D30F224A2CBE2003D3B21 /* Transaction.swift in Sources */,
				505A698D24A167D20010BE4A /* WalletTransactionsInteractor.swift in Sources */,
				505D30F424A2CBFA003D3B21 /* Currency.swift in Sources */,
				505A695724A154830010BE4A /* Realm+Extensions.swift in Sources */,
				509822C4249D23130020A5A5 /* UIView+Constraints.swift in Sources */,
				505A69A724A169170010BE4A /* QRCodeScannerInteractor.swift in Sources */,
				505A69CA24A182EA0010BE4A /* UIColor+Extension.swift in Sources */,
				505A69C224A169A50010BE4A /* ProfileLocalizatedStrings.swift in Sources */,
				505A694624A12FB10010BE4A /* LoginViewController.swift in Sources */,
				505A69BE24A169A50010BE4A /* ProfilePresenter.swift in Sources */,
				505D30E524A256D1003D3B21 /* PaymentRouter.swift in Sources */,
				505A698A24A167D20010BE4A /* WalletTransactionsPresenter.swift in Sources */,
				505A69A924A169170010BE4A /* QRCodeScannerRouter.swift in Sources */,
				505A69BC24A169A50010BE4A /* ProfileViewModel.swift in Sources */,
				505A697524A164930010BE4A /* HomeRouter.swift in Sources */,
				505A695B24A155410010BE4A /* UserEntity.swift in Sources */,
				505A698E24A167D20010BE4A /* WalletTransactionsLocalizatedStrings.swift in Sources */,
				5098227A249D15450020A5A5 /* AppDelegate.swift in Sources */,
				505D30DE24A256D1003D3B21 /* PaymentViewModel.swift in Sources */,
				50F7294C24A20CC900C719B0 /* TransactionTableViewHeaderView.swift in Sources */,
				505A694C24A13BA30010BE4A /* UIView+IBInspectable.swift in Sources */,
				505D30EF24A2C6F5003D3B21 /* TransactionEntity.swift in Sources */,
				505A694224A12FB10010BE4A /* LoginViewModel.swift in Sources */,
				505D30E324A256D1003D3B21 /* PaymentInteractor.swift in Sources */,
				505A69BD24A169A50010BE4A /* ProfileContract.swift in Sources */,
				505D30FC24A2DD6B003D3B21 /* StandardError.swift in Sources */,
				505A695424A154110010BE4A /* UserDatabaseService.swift in Sources */,
				50D14E3224A244EF009B648A /* UIViewController+Alerts.swift in Sources */,
				505A697024A164930010BE4A /* HomePresenter.swift in Sources */,
				505D30DF24A256D1003D3B21 /* PaymentContract.swift in Sources */,
				50F7295324A224A900C719B0 /* WalletHeaderView.swift in Sources */,
				505A69C324A169A50010BE4A /* ProfileRouter.swift in Sources */,
				505D30EA24A2A919003D3B21 /* PaymentSuccessedView.swift in Sources */,
				505A697224A164930010BE4A /* HomeViewController.swift in Sources */,
				505D310224A2E378003D3B21 /* KeyChainService.swift in Sources */,
				505D30E024A256D1003D3B21 /* PaymentPresenter.swift in Sources */,
				505A694824A12FB10010BE4A /* LoginLocalizatedStrings.swift in Sources */,
				505A694924A12FB10010BE4A /* LoginRouter.swift in Sources */,
				505D30E224A256D1003D3B21 /* PaymentViewController.swift in Sources */,
				505A69C124A169A50010BE4A /* ProfileInteractor.swift in Sources */,
				505A69A324A169170010BE4A /* QRCodeScannerContract.swift in Sources */,
				509822B5249D18830020A5A5 /* RootContract.swift in Sources */,
				505A69C024A169A50010BE4A /* ProfileViewController.swift in Sources */,
				505A694724A12FB10010BE4A /* LoginInteractor.swift in Sources */,
				505A698924A167D20010BE4A /* WalletTransactionsContract.swift in Sources */,
				50F7294824A204DF00C719B0 /* TransactionCell.swift in Sources */,
				505A69C524A17DD80010BE4A /* HomeImages.swift in Sources */,
				505A69A824A169170010BE4A /* QRCodeScannerLocalizatedStrings.swift in Sources */,
				505A69A424A169170010BE4A /* QRCodeScannerPresenter.swift in Sources */,
			);
			runOnlyForDeploymentPostprocessing = 0;
		};
		50982288249D154F0020A5A5 /* Sources */ = {
			isa = PBXSourcesBuildPhase;
			buildActionMask = 2147483647;
			files = (
				50982291249D154F0020A5A5 /* PaymentWallTaskTests.swift in Sources */,
			);
			runOnlyForDeploymentPostprocessing = 0;
		};
		50982293249D154F0020A5A5 /* Sources */ = {
			isa = PBXSourcesBuildPhase;
			buildActionMask = 2147483647;
			files = (
				5098229C249D154F0020A5A5 /* PaymentWallTaskUITests.swift in Sources */,
			);
			runOnlyForDeploymentPostprocessing = 0;
		};
/* End PBXSourcesBuildPhase section */

/* Begin PBXTargetDependency section */
		5098228E249D154F0020A5A5 /* PBXTargetDependency */ = {
			isa = PBXTargetDependency;
			target = 50982275249D15450020A5A5 /* PaymentWallTask */;
			targetProxy = 5098228D249D154F0020A5A5 /* PBXContainerItemProxy */;
		};
		50982299249D154F0020A5A5 /* PBXTargetDependency */ = {
			isa = PBXTargetDependency;
			target = 50982275249D15450020A5A5 /* PaymentWallTask */;
			targetProxy = 50982298249D154F0020A5A5 /* PBXContainerItemProxy */;
		};
/* End PBXTargetDependency section */

/* Begin PBXVariantGroup section */
		509822C5249D25500020A5A5 /* LaunchScreen.storyboard */ = {
			isa = PBXVariantGroup;
			children = (
				509822C6249D25500020A5A5 /* Base */,
			);
			name = LaunchScreen.storyboard;
			sourceTree = "<group>";
		};
/* End PBXVariantGroup section */

/* Begin XCBuildConfiguration section */
		5098229E249D154F0020A5A5 /* Debug */ = {
			isa = XCBuildConfiguration;
			buildSettings = {
				ALWAYS_SEARCH_USER_PATHS = NO;
				CLANG_ANALYZER_NONNULL = YES;
				CLANG_ANALYZER_NUMBER_OBJECT_CONVERSION = YES_AGGRESSIVE;
				CLANG_CXX_LANGUAGE_STANDARD = "gnu++14";
				CLANG_CXX_LIBRARY = "libc++";
				CLANG_ENABLE_MODULES = YES;
				CLANG_ENABLE_OBJC_ARC = YES;
				CLANG_ENABLE_OBJC_WEAK = YES;
				CLANG_WARN_BLOCK_CAPTURE_AUTORELEASING = YES;
				CLANG_WARN_BOOL_CONVERSION = YES;
				CLANG_WARN_COMMA = YES;
				CLANG_WARN_CONSTANT_CONVERSION = YES;
				CLANG_WARN_DEPRECATED_OBJC_IMPLEMENTATIONS = YES;
				CLANG_WARN_DIRECT_OBJC_ISA_USAGE = YES_ERROR;
				CLANG_WARN_DOCUMENTATION_COMMENTS = YES;
				CLANG_WARN_EMPTY_BODY = YES;
				CLANG_WARN_ENUM_CONVERSION = YES;
				CLANG_WARN_INFINITE_RECURSION = YES;
				CLANG_WARN_INT_CONVERSION = YES;
				CLANG_WARN_NON_LITERAL_NULL_CONVERSION = YES;
				CLANG_WARN_OBJC_IMPLICIT_RETAIN_SELF = YES;
				CLANG_WARN_OBJC_LITERAL_CONVERSION = YES;
				CLANG_WARN_OBJC_ROOT_CLASS = YES_ERROR;
				CLANG_WARN_RANGE_LOOP_ANALYSIS = YES;
				CLANG_WARN_STRICT_PROTOTYPES = YES;
				CLANG_WARN_SUSPICIOUS_MOVE = YES;
				CLANG_WARN_UNGUARDED_AVAILABILITY = YES_AGGRESSIVE;
				CLANG_WARN_UNREACHABLE_CODE = YES;
				CLANG_WARN__DUPLICATE_METHOD_MATCH = YES;
				COPY_PHASE_STRIP = NO;
				DEBUG_INFORMATION_FORMAT = dwarf;
				ENABLE_STRICT_OBJC_MSGSEND = YES;
				ENABLE_TESTABILITY = YES;
				GCC_C_LANGUAGE_STANDARD = gnu11;
				GCC_DYNAMIC_NO_PIC = NO;
				GCC_NO_COMMON_BLOCKS = YES;
				GCC_OPTIMIZATION_LEVEL = 0;
				GCC_PREPROCESSOR_DEFINITIONS = (
					"DEBUG=1",
					"$(inherited)",
				);
				GCC_WARN_64_TO_32_BIT_CONVERSION = YES;
				GCC_WARN_ABOUT_RETURN_TYPE = YES_ERROR;
				GCC_WARN_UNDECLARED_SELECTOR = YES;
				GCC_WARN_UNINITIALIZED_AUTOS = YES_AGGRESSIVE;
				GCC_WARN_UNUSED_FUNCTION = YES;
				GCC_WARN_UNUSED_VARIABLE = YES;
				IPHONEOS_DEPLOYMENT_TARGET = 12.0;
				MTL_ENABLE_DEBUG_INFO = INCLUDE_SOURCE;
				MTL_FAST_MATH = YES;
				ONLY_ACTIVE_ARCH = YES;
				SDKROOT = iphoneos;
				SWIFT_ACTIVE_COMPILATION_CONDITIONS = DEBUG;
				SWIFT_OPTIMIZATION_LEVEL = "-Onone";
			};
			name = Debug;
		};
		5098229F249D154F0020A5A5 /* Release */ = {
			isa = XCBuildConfiguration;
			buildSettings = {
				ALWAYS_SEARCH_USER_PATHS = NO;
				CLANG_ANALYZER_NONNULL = YES;
				CLANG_ANALYZER_NUMBER_OBJECT_CONVERSION = YES_AGGRESSIVE;
				CLANG_CXX_LANGUAGE_STANDARD = "gnu++14";
				CLANG_CXX_LIBRARY = "libc++";
				CLANG_ENABLE_MODULES = YES;
				CLANG_ENABLE_OBJC_ARC = YES;
				CLANG_ENABLE_OBJC_WEAK = YES;
				CLANG_WARN_BLOCK_CAPTURE_AUTORELEASING = YES;
				CLANG_WARN_BOOL_CONVERSION = YES;
				CLANG_WARN_COMMA = YES;
				CLANG_WARN_CONSTANT_CONVERSION = YES;
				CLANG_WARN_DEPRECATED_OBJC_IMPLEMENTATIONS = YES;
				CLANG_WARN_DIRECT_OBJC_ISA_USAGE = YES_ERROR;
				CLANG_WARN_DOCUMENTATION_COMMENTS = YES;
				CLANG_WARN_EMPTY_BODY = YES;
				CLANG_WARN_ENUM_CONVERSION = YES;
				CLANG_WARN_INFINITE_RECURSION = YES;
				CLANG_WARN_INT_CONVERSION = YES;
				CLANG_WARN_NON_LITERAL_NULL_CONVERSION = YES;
				CLANG_WARN_OBJC_IMPLICIT_RETAIN_SELF = YES;
				CLANG_WARN_OBJC_LITERAL_CONVERSION = YES;
				CLANG_WARN_OBJC_ROOT_CLASS = YES_ERROR;
				CLANG_WARN_RANGE_LOOP_ANALYSIS = YES;
				CLANG_WARN_STRICT_PROTOTYPES = YES;
				CLANG_WARN_SUSPICIOUS_MOVE = YES;
				CLANG_WARN_UNGUARDED_AVAILABILITY = YES_AGGRESSIVE;
				CLANG_WARN_UNREACHABLE_CODE = YES;
				CLANG_WARN__DUPLICATE_METHOD_MATCH = YES;
				COPY_PHASE_STRIP = NO;
				DEBUG_INFORMATION_FORMAT = "dwarf-with-dsym";
				ENABLE_NS_ASSERTIONS = NO;
				ENABLE_STRICT_OBJC_MSGSEND = YES;
				GCC_C_LANGUAGE_STANDARD = gnu11;
				GCC_NO_COMMON_BLOCKS = YES;
				GCC_WARN_64_TO_32_BIT_CONVERSION = YES;
				GCC_WARN_ABOUT_RETURN_TYPE = YES_ERROR;
				GCC_WARN_UNDECLARED_SELECTOR = YES;
				GCC_WARN_UNINITIALIZED_AUTOS = YES_AGGRESSIVE;
				GCC_WARN_UNUSED_FUNCTION = YES;
				GCC_WARN_UNUSED_VARIABLE = YES;
				IPHONEOS_DEPLOYMENT_TARGET = 12.0;
				MTL_ENABLE_DEBUG_INFO = NO;
				MTL_FAST_MATH = YES;
				SDKROOT = iphoneos;
				SWIFT_COMPILATION_MODE = wholemodule;
				SWIFT_OPTIMIZATION_LEVEL = "-O";
				VALIDATE_PRODUCT = YES;
			};
			name = Release;
		};
		509822A1249D154F0020A5A5 /* Debug */ = {
			isa = XCBuildConfiguration;
			baseConfigurationReference = 662B058A596B1AE5CD825D61 /* Pods-PaymentWallTask.debug.xcconfig */;
			buildSettings = {
				ASSETCATALOG_COMPILER_APPICON_NAME = AppIcon;
				CODE_SIGN_STYLE = Automatic;
				DEVELOPMENT_TEAM = 8DTZF3K2TF;
				INFOPLIST_FILE = PaymentWallTask/Resources/Plist/Info.plist;
				LD_RUNPATH_SEARCH_PATHS = (
					"$(inherited)",
					"@executable_path/Frameworks",
				);
				PRODUCT_BUNDLE_IDENTIFIER = sameh.PaymentWallTask;
				PRODUCT_NAME = "$(TARGET_NAME)";
				SWIFT_VERSION = 5.0;
				TARGETED_DEVICE_FAMILY = "1,2";
			};
			name = Debug;
		};
		509822A2249D154F0020A5A5 /* Release */ = {
			isa = XCBuildConfiguration;
			baseConfigurationReference = B90A29F7E76E1813E0F3CF53 /* Pods-PaymentWallTask.release.xcconfig */;
			buildSettings = {
				ASSETCATALOG_COMPILER_APPICON_NAME = AppIcon;
				CODE_SIGN_STYLE = Automatic;
				DEVELOPMENT_TEAM = 8DTZF3K2TF;
				INFOPLIST_FILE = PaymentWallTask/Resources/Plist/Info.plist;
				LD_RUNPATH_SEARCH_PATHS = (
					"$(inherited)",
					"@executable_path/Frameworks",
				);
				PRODUCT_BUNDLE_IDENTIFIER = sameh.PaymentWallTask;
				PRODUCT_NAME = "$(TARGET_NAME)";
				SWIFT_VERSION = 5.0;
				TARGETED_DEVICE_FAMILY = "1,2";
			};
			name = Release;
		};
		509822A4249D154F0020A5A5 /* Debug */ = {
			isa = XCBuildConfiguration;
			baseConfigurationReference = C817DF64767C859A823617DD /* Pods-PaymentWallTaskTests.debug.xcconfig */;
			buildSettings = {
				BUNDLE_LOADER = "$(TEST_HOST)";
				CODE_SIGN_STYLE = Automatic;
				DEVELOPMENT_TEAM = 8DTZF3K2TF;
				INFOPLIST_FILE = PaymentWallTaskTests/Info.plist;
				IPHONEOS_DEPLOYMENT_TARGET = 13.4;
				LD_RUNPATH_SEARCH_PATHS = (
					"$(inherited)",
					"@executable_path/Frameworks",
					"@loader_path/Frameworks",
				);
				PRODUCT_BUNDLE_IDENTIFIER = sameh.PaymentWallTaskTests;
				PRODUCT_NAME = "$(TARGET_NAME)";
				SWIFT_VERSION = 5.0;
				TARGETED_DEVICE_FAMILY = "1,2";
				TEST_HOST = "$(BUILT_PRODUCTS_DIR)/PaymentWallTask.app/PaymentWallTask";
			};
			name = Debug;
		};
		509822A5249D154F0020A5A5 /* Release */ = {
			isa = XCBuildConfiguration;
			baseConfigurationReference = CAFE40AD8C31159141E46881 /* Pods-PaymentWallTaskTests.release.xcconfig */;
			buildSettings = {
				BUNDLE_LOADER = "$(TEST_HOST)";
				CODE_SIGN_STYLE = Automatic;
				DEVELOPMENT_TEAM = 8DTZF3K2TF;
				INFOPLIST_FILE = PaymentWallTaskTests/Info.plist;
				IPHONEOS_DEPLOYMENT_TARGET = 13.4;
				LD_RUNPATH_SEARCH_PATHS = (
					"$(inherited)",
					"@executable_path/Frameworks",
					"@loader_path/Frameworks",
				);
				PRODUCT_BUNDLE_IDENTIFIER = sameh.PaymentWallTaskTests;
				PRODUCT_NAME = "$(TARGET_NAME)";
				SWIFT_VERSION = 5.0;
				TARGETED_DEVICE_FAMILY = "1,2";
				TEST_HOST = "$(BUILT_PRODUCTS_DIR)/PaymentWallTask.app/PaymentWallTask";
			};
			name = Release;
		};
		509822A7249D154F0020A5A5 /* Debug */ = {
			isa = XCBuildConfiguration;
			baseConfigurationReference = E56040F6FA1480D630A81014 /* Pods-PaymentWallTask-PaymentWallTaskUITests.debug.xcconfig */;
			buildSettings = {
				CODE_SIGN_STYLE = Automatic;
				DEVELOPMENT_TEAM = 8DTZF3K2TF;
				INFOPLIST_FILE = PaymentWallTaskUITests/Info.plist;
				LD_RUNPATH_SEARCH_PATHS = (
					"$(inherited)",
					"@executable_path/Frameworks",
					"@loader_path/Frameworks",
				);
				PRODUCT_BUNDLE_IDENTIFIER = sameh.PaymentWallTaskUITests;
				PRODUCT_NAME = "$(TARGET_NAME)";
				SWIFT_VERSION = 5.0;
				TARGETED_DEVICE_FAMILY = "1,2";
				TEST_TARGET_NAME = PaymentWallTask;
			};
			name = Debug;
		};
		509822A8249D154F0020A5A5 /* Release */ = {
			isa = XCBuildConfiguration;
			baseConfigurationReference = D3EC83E5387936E8CBC83EE3 /* Pods-PaymentWallTask-PaymentWallTaskUITests.release.xcconfig */;
			buildSettings = {
				CODE_SIGN_STYLE = Automatic;
				DEVELOPMENT_TEAM = 8DTZF3K2TF;
				INFOPLIST_FILE = PaymentWallTaskUITests/Info.plist;
				LD_RUNPATH_SEARCH_PATHS = (
					"$(inherited)",
					"@executable_path/Frameworks",
					"@loader_path/Frameworks",
				);
				PRODUCT_BUNDLE_IDENTIFIER = sameh.PaymentWallTaskUITests;
				PRODUCT_NAME = "$(TARGET_NAME)";
				SWIFT_VERSION = 5.0;
				TARGETED_DEVICE_FAMILY = "1,2";
				TEST_TARGET_NAME = PaymentWallTask;
			};
			name = Release;
		};
/* End XCBuildConfiguration section */

/* Begin XCConfigurationList section */
		50982271249D15450020A5A5 /* Build configuration list for PBXProject "PaymentWallTask" */ = {
			isa = XCConfigurationList;
			buildConfigurations = (
				5098229E249D154F0020A5A5 /* Debug */,
				5098229F249D154F0020A5A5 /* Release */,
			);
			defaultConfigurationIsVisible = 0;
			defaultConfigurationName = Release;
		};
		509822A0249D154F0020A5A5 /* Build configuration list for PBXNativeTarget "PaymentWallTask" */ = {
			isa = XCConfigurationList;
			buildConfigurations = (
				509822A1249D154F0020A5A5 /* Debug */,
				509822A2249D154F0020A5A5 /* Release */,
			);
			defaultConfigurationIsVisible = 0;
			defaultConfigurationName = Release;
		};
		509822A3249D154F0020A5A5 /* Build configuration list for PBXNativeTarget "PaymentWallTaskTests" */ = {
			isa = XCConfigurationList;
			buildConfigurations = (
				509822A4249D154F0020A5A5 /* Debug */,
				509822A5249D154F0020A5A5 /* Release */,
			);
			defaultConfigurationIsVisible = 0;
			defaultConfigurationName = Release;
		};
		509822A6249D154F0020A5A5 /* Build configuration list for PBXNativeTarget "PaymentWallTaskUITests" */ = {
			isa = XCConfigurationList;
			buildConfigurations = (
				509822A7249D154F0020A5A5 /* Debug */,
				509822A8249D154F0020A5A5 /* Release */,
			);
			defaultConfigurationIsVisible = 0;
			defaultConfigurationName = Release;
		};
/* End XCConfigurationList section */
	};
	rootObject = 5098226E249D15450020A5A5 /* Project object */;
}
